{
  "object": {
    "pins": [
      {
        "package": "ThreeDS_SDK",
        "repositoryURL": "https://github.com/omise/omise-ios-3ds.git",
        "state": {
          "branch": null,
          "revision": "ae77e32b5dd1cc92661b90d5e34c21891fd05b24",
          "version": "2.4.0"
        }
      }
    ]
  },
  "version": 1
}
