{
  "object": {
    "pins": [
      {
        "package": "ThreeDS_SDK",
        "repositoryURL": "https://github.com/ios-3ds-sdk/SPM",
        "state": {
          "branch": null,
          "revision": "33e60e39fb30144be7034c8bb785b886ab6be922",
          "version": "2.5.22"
        }
      }
    ]
  },
  "version": 1
}
