// !$*UTF8*$!
{
	archiveVersion = 1;
	classes = {
	};
	objectVersion = 46;
	objects = {

/* Begin PBXBuildFile section */
		143E0AE11D13B0DD002B6922 /* OmiseTableViewCell.swift in Sources */ = {isa = PBXBuildFile; fileRef = 143E0AE01D13B0DD002B6922 /* OmiseTableViewCell.swift */; };
		14ACEF831D02D641001C5319 /* CardExpiryDatePicker.swift in Sources */ = {isa = PBXBuildFile; fileRef = 14ACEF821D02D641001C5319 /* CardExpiryDatePicker.swift */; };
		2220F1A91D0FEE85008CD89F /* OmiseCard.swift in Sources */ = {isa = PBXBuildFile; fileRef = 2220F1A31D0FEE85008CD89F /* OmiseCard.swift */; };
		2220F1AA1D0FEE85008CD89F /* OmiseError.swift in Sources */ = {isa = PBXBuildFile; fileRef = 2220F1A41D0FEE85008CD89F /* OmiseError.swift */; };
		2220F1AB1D0FEE85008CD89F /* OmiseJsonParser.swift in Sources */ = {isa = PBXBuildFile; fileRef = 2220F1A51D0FEE85008CD89F /* OmiseJsonParser.swift */; };
		2220F1AC1D0FEE85008CD89F /* OmiseSDKClient.swift in Sources */ = {isa = PBXBuildFile; fileRef = 2220F1A61D0FEE85008CD89F /* OmiseSDKClient.swift */; };
		2220F1AD1D0FEE85008CD89F /* OmiseToken.swift in Sources */ = {isa = PBXBuildFile; fileRef = 2220F1A71D0FEE85008CD89F /* OmiseToken.swift */; };
		2220F1AE1D0FEE85008CD89F /* OmiseTokenRequest.swift in Sources */ = {isa = PBXBuildFile; fileRef = 2220F1A81D0FEE85008CD89F /* OmiseTokenRequest.swift */; };
		2225B3541D0FDD63003EB396 /* Assets.xcassets in Resources */ = {isa = PBXBuildFile; fileRef = 2225B3531D0FDD63003EB396 /* Assets.xcassets */; };
		22445FFC1CF41DD300801D0F /* Globals.swift in Sources */ = {isa = PBXBuildFile; fileRef = 22445FFB1CF41DD300801D0F /* Globals.swift */; };
		224460041CF43A1200801D0F /* SDKTestCase.swift in Sources */ = {isa = PBXBuildFile; fileRef = 225931561CE4745200841B86 /* SDKTestCase.swift */; };
		224460051CF43A1500801D0F /* CardNumberTest.swift in Sources */ = {isa = PBXBuildFile; fileRef = 225931541CE4743A00841B86 /* CardNumberTest.swift */; };
		224460081CF43FF000801D0F /* OmiseJsonParserTest.swift in Sources */ = {isa = PBXBuildFile; fileRef = 224460071CF43FF000801D0F /* OmiseJsonParserTest.swift */; };
		2244600A1CF441DC00801D0F /* TokenRequestDelegateDummy.swift in Sources */ = {isa = PBXBuildFile; fileRef = 224460091CF441DC00801D0F /* TokenRequestDelegateDummy.swift */; };
		224E44EA1D0EBF0D00E558E3 /* Main.storyboard in Resources */ = {isa = PBXBuildFile; fileRef = 224E44EC1D0EBF0D00E558E3 /* Main.storyboard */; };
		224E44ED1D0EBF1200E558E3 /* LaunchScreen.storyboard in Resources */ = {isa = PBXBuildFile; fileRef = 224E44EF1D0EBF1200E558E3 /* LaunchScreen.storyboard */; };
		2259311C1CE3210700841B86 /* OmiseSDK.h in Headers */ = {isa = PBXBuildFile; fileRef = 2259311B1CE3210700841B86 /* OmiseSDK.h */; settings = {ATTRIBUTES = (Public, ); }; };
		2259314E1CE46E5700841B86 /* CardBrand.swift in Sources */ = {isa = PBXBuildFile; fileRef = 2259314D1CE46E5700841B86 /* CardBrand.swift */; };
		225931501CE46F7F00841B86 /* CardNumber.swift in Sources */ = {isa = PBXBuildFile; fileRef = 2259314F1CE46F7F00841B86 /* CardNumber.swift */; };
		229E14581D0EBAB5000511DE /* AppDelegate.swift in Sources */ = {isa = PBXBuildFile; fileRef = 229E14541D0EBAB5000511DE /* AppDelegate.swift */; };
		229E14591D0EBAB5000511DE /* CompletePaymentViewController.swift in Sources */ = {isa = PBXBuildFile; fileRef = 229E14551D0EBAB5000511DE /* CompletePaymentViewController.swift */; };
		229E145A1D0EBAB5000511DE /* ProductDetailViewController.swift in Sources */ = {isa = PBXBuildFile; fileRef = 229E14561D0EBAB5000511DE /* ProductDetailViewController.swift */; };
		229E145B1D0EBAB5000511DE /* ProductViewController.swift in Sources */ = {isa = PBXBuildFile; fileRef = 229E14571D0EBAB5000511DE /* ProductViewController.swift */; };
		22E0DBD71D0EBE2E00472C74 /* Assets.xcassets in Resources */ = {isa = PBXBuildFile; fileRef = 22E0DBD61D0EBE2E00472C74 /* Assets.xcassets */; };
		8A188BB01D951E3C00FFF467 /* OmiseAuthorizingPaymentViewController.swift in Sources */ = {isa = PBXBuildFile; fileRef = 8A188BAF1D951E3C00FFF467 /* OmiseAuthorizingPaymentViewController.swift */; };
		8A188BB11D951E3C00FFF467 /* OmiseAuthorizingPaymentViewController.swift in Sources */ = {isa = PBXBuildFile; fileRef = 8A188BAF1D951E3C00FFF467 /* OmiseAuthorizingPaymentViewController.swift */; };
		8A1D4C661D51B72200C7837C /* CreditCardFormController.swift in Sources */ = {isa = PBXBuildFile; fileRef = 8A1D4C651D51B72200C7837C /* CreditCardFormController.swift */; };
		8A1F38DC1D61C7C200698781 /* CardIOUtilities.h in Headers */ = {isa = PBXBuildFile; fileRef = 8A09278F1D535548008D393F /* CardIOUtilities.h */; settings = {ATTRIBUTES = (Private, ); }; };
		8A1F38DD1D61C7C200698781 /* CardIOPaymentViewController.h in Headers */ = {isa = PBXBuildFile; fileRef = 8A09278D1D535548008D393F /* CardIOPaymentViewController.h */; settings = {ATTRIBUTES = (Private, ); }; };
		8A1F38DE1D61C7C200698781 /* CardIOViewDelegate.h in Headers */ = {isa = PBXBuildFile; fileRef = 8A0927911D535548008D393F /* CardIOViewDelegate.h */; settings = {ATTRIBUTES = (Private, ); }; };
		8A1F38DF1D61C7C200698781 /* CardIO.h in Headers */ = {isa = PBXBuildFile; fileRef = 8A0927891D535548008D393F /* CardIO.h */; settings = {ATTRIBUTES = (Private, ); }; };
		8A1F38E01D61C7C200698781 /* CardIODetectionMode.h in Headers */ = {isa = PBXBuildFile; fileRef = 8A09278C1D535548008D393F /* CardIODetectionMode.h */; settings = {ATTRIBUTES = (Private, ); }; };
		8A1F38E11D61C7C200698781 /* CardIOPaymentViewControllerDelegate.h in Headers */ = {isa = PBXBuildFile; fileRef = 8A09278E1D535548008D393F /* CardIOPaymentViewControllerDelegate.h */; settings = {ATTRIBUTES = (Private, ); }; };
		8A1F38E21D61C7C200698781 /* OmiseSDK.h in Headers */ = {isa = PBXBuildFile; fileRef = 2259311B1CE3210700841B86 /* OmiseSDK.h */; settings = {ATTRIBUTES = (Public, ); }; };
		8A1F38E31D61C7C200698781 /* CardIOCreditCardInfo.h in Headers */ = {isa = PBXBuildFile; fileRef = 8A09278B1D535548008D393F /* CardIOCreditCardInfo.h */; settings = {ATTRIBUTES = (Private, ); }; };
		8A1F38E41D61C7C200698781 /* CardIOView.h in Headers */ = {isa = PBXBuildFile; fileRef = 8A0927901D535548008D393F /* CardIOView.h */; settings = {ATTRIBUTES = (Private, ); }; };
		8A1F38E61D61C7C200698781 /* OmiseSDK.storyboard in Resources */ = {isa = PBXBuildFile; fileRef = 8A5D59831D5317DD005D3346 /* OmiseSDK.storyboard */; };
		8A1F38E71D61C7C200698781 /* Localizable.strings in Resources */ = {isa = PBXBuildFile; fileRef = 981FA5F91D0EDDB0009ECEDC /* Localizable.strings */; };
		8A1F38E81D61C7C200698781 /* Assets.xcassets in Resources */ = {isa = PBXBuildFile; fileRef = 2225B3531D0FDD63003EB396 /* Assets.xcassets */; };
		8A1F38F11D61C7E400698781 /* libopencv_core.a in Frameworks */ = {isa = PBXBuildFile; fileRef = 8A1F38EE1D61C7E400698781 /* libopencv_core.a */; };
		8A1F38F21D61C7E400698781 /* libopencv_imgproc.a in Frameworks */ = {isa = PBXBuildFile; fileRef = 8A1F38EF1D61C7E400698781 /* libopencv_imgproc.a */; };
		8A1F38F31D61C7E400698781 /* libCardIO.a in Frameworks */ = {isa = PBXBuildFile; fileRef = 8A1F38F01D61C7E400698781 /* libCardIO.a */; };
		8A1F38F81D61C84900698781 /* Accelerate.framework in Frameworks */ = {isa = PBXBuildFile; fileRef = 8A1F38F41D61C84900698781 /* Accelerate.framework */; settings = {ATTRIBUTES = (Weak, ); }; };
		8A1F38FA1D61C84900698781 /* AVFoundation.framework in Frameworks */ = {isa = PBXBuildFile; fileRef = 8A1F38F61D61C84900698781 /* AVFoundation.framework */; settings = {ATTRIBUTES = (Weak, ); }; };
		8A1F38FB1D61C84900698781 /* MobileCoreServices.framework in Frameworks */ = {isa = PBXBuildFile; fileRef = 8A1F38F71D61C84900698781 /* MobileCoreServices.framework */; settings = {ATTRIBUTES = (Weak, ); }; };
		8A1F38FD1D61C85900698781 /* AudioToolbox.framework in Frameworks */ = {isa = PBXBuildFile; fileRef = 8A1F38FC1D61C85900698781 /* AudioToolbox.framework */; settings = {ATTRIBUTES = (Weak, ); }; };
		8A1F38FF1D61C86300698781 /* CoreMedia.framework in Frameworks */ = {isa = PBXBuildFile; fileRef = 8A1F38FE1D61C86300698781 /* CoreMedia.framework */; settings = {ATTRIBUTES = (Weak, ); }; };
		8A1F39031D61C8B500698781 /* ErrorMessageCell.swift in Sources */ = {isa = PBXBuildFile; fileRef = 982237BF1D115BD400D266F3 /* ErrorMessageCell.swift */; };
		8A1F39041D61C8B500698781 /* OmiseTableViewCell.swift in Sources */ = {isa = PBXBuildFile; fileRef = 143E0AE01D13B0DD002B6922 /* OmiseTableViewCell.swift */; };
		8A1F39051D61C8B500698781 /* OmiseSDKClient.swift in Sources */ = {isa = PBXBuildFile; fileRef = 2220F1A61D0FEE85008CD89F /* OmiseSDKClient.swift */; };
		8A1F39061D61C8B500698781 /* OmiseError.swift in Sources */ = {isa = PBXBuildFile; fileRef = 2220F1A41D0FEE85008CD89F /* OmiseError.swift */; };
		8A1F39071D61C8B500698781 /* FormHeaderCell.swift in Sources */ = {isa = PBXBuildFile; fileRef = 9864063B1CFEA818004BCF51 /* FormHeaderCell.swift */; };
		8A1F39081D61C8B500698781 /* CardNumberFormCell.swift in Sources */ = {isa = PBXBuildFile; fileRef = 986406371CFEA818004BCF51 /* CardNumberFormCell.swift */; };
		8A1F39091D61C8B500698781 /* ConfirmButtonCell.swift in Sources */ = {isa = PBXBuildFile; fileRef = 983BC0BE1D1027A3004505B7 /* ConfirmButtonCell.swift */; };
		8A1F390A1D61C8B500698781 /* OmiseTextField.swift in Sources */ = {isa = PBXBuildFile; fileRef = 9864062F1CFEA7E4004BCF51 /* OmiseTextField.swift */; };
		8A1F390B1D61C8B500698781 /* OmiseToken.swift in Sources */ = {isa = PBXBuildFile; fileRef = 2220F1A71D0FEE85008CD89F /* OmiseToken.swift */; };
		8A1F390C1D61C8B500698781 /* OmiseCard.swift in Sources */ = {isa = PBXBuildFile; fileRef = 2220F1A31D0FEE85008CD89F /* OmiseCard.swift */; };
		8A1F390D1D61C8B500698781 /* CreditCardFormController.swift in Sources */ = {isa = PBXBuildFile; fileRef = 8A1D4C651D51B72200C7837C /* CreditCardFormController.swift */; };
		8A1F390E1D61C8B500698781 /* CardExpiryDateTextField.swift in Sources */ = {isa = PBXBuildFile; fileRef = 9864062B1CFEA7E4004BCF51 /* CardExpiryDateTextField.swift */; };
		8A1F390F1D61C8B500698781 /* CardNameTextField.swift in Sources */ = {isa = PBXBuildFile; fileRef = 9864062E1CFEA7E4004BCF51 /* CardNameTextField.swift */; };
		8A1F39101D61C8B500698781 /* SecureCodeFormCell.swift in Sources */ = {isa = PBXBuildFile; fileRef = 9864063F1CFEA818004BCF51 /* SecureCodeFormCell.swift */; };
		8A1F39111D61C8B500698781 /* CardExpiryDatePicker.swift in Sources */ = {isa = PBXBuildFile; fileRef = 14ACEF821D02D641001C5319 /* CardExpiryDatePicker.swift */; };
		8A1F39121D61C8B500698781 /* ExpiryDateFormCell.swift in Sources */ = {isa = PBXBuildFile; fileRef = 986406391CFEA818004BCF51 /* ExpiryDateFormCell.swift */; };
		8A1F39131D61C8B500698781 /* NameCardFormCell.swift in Sources */ = {isa = PBXBuildFile; fileRef = 9864063D1CFEA818004BCF51 /* NameCardFormCell.swift */; };
		8A1F39141D61C8B500698781 /* CardCVVTextField.swift in Sources */ = {isa = PBXBuildFile; fileRef = 9864062A1CFEA7E4004BCF51 /* CardCVVTextField.swift */; };
		8A1F39151D61C8B500698781 /* OmiseFormAccessoryView.swift in Sources */ = {isa = PBXBuildFile; fileRef = 98E131731D1809E900E63E18 /* OmiseFormAccessoryView.swift */; };
		8A1F39161D61C8B500698781 /* Globals.swift in Sources */ = {isa = PBXBuildFile; fileRef = 22445FFB1CF41DD300801D0F /* Globals.swift */; };
		8A1F39171D61C8B500698781 /* OmiseTokenRequest.swift in Sources */ = {isa = PBXBuildFile; fileRef = 2220F1A81D0FEE85008CD89F /* OmiseTokenRequest.swift */; };
		8A1F39181D61C8B500698781 /* OmiseJsonParser.swift in Sources */ = {isa = PBXBuildFile; fileRef = 2220F1A51D0FEE85008CD89F /* OmiseJsonParser.swift */; };
		8A1F39191D61C8B500698781 /* CardNumberTextField.swift in Sources */ = {isa = PBXBuildFile; fileRef = 9864062C1CFEA7E4004BCF51 /* CardNumberTextField.swift */; };
		8A1F391A1D61C8B500698781 /* CardNumber.swift in Sources */ = {isa = PBXBuildFile; fileRef = 2259314F1CE46F7F00841B86 /* CardNumber.swift */; };
		8A1F391B1D61C8B500698781 /* CardBrand.swift in Sources */ = {isa = PBXBuildFile; fileRef = 2259314D1CE46E5700841B86 /* CardBrand.swift */; };
		8A1F392C1D61D8E900698781 /* OmiseSDK.framework in Frameworks */ = {isa = PBXBuildFile; fileRef = 8A1F38EC1D61C7C200698781 /* OmiseSDK.framework */; };
		8A1F392D1D61D8E900698781 /* OmiseSDK.framework in Embed Frameworks */ = {isa = PBXBuildFile; fileRef = 8A1F38EC1D61C7C200698781 /* OmiseSDK.framework */; settings = {ATTRIBUTES = (CodeSignOnCopy, RemoveHeadersOnCopy, ); }; };
		8A5D59811D5317DD005D3346 /* OmiseSDK.storyboard in Resources */ = {isa = PBXBuildFile; fileRef = 8A5D59831D5317DD005D3346 /* OmiseSDK.storyboard */; };
		981FA5F71D0EDDB0009ECEDC /* Localizable.strings in Resources */ = {isa = PBXBuildFile; fileRef = 981FA5F91D0EDDB0009ECEDC /* Localizable.strings */; };
		982237C11D115BD400D266F3 /* ErrorMessageCell.swift in Sources */ = {isa = PBXBuildFile; fileRef = 982237BF1D115BD400D266F3 /* ErrorMessageCell.swift */; };
		983BC0C01D1027A3004505B7 /* ConfirmButtonCell.swift in Sources */ = {isa = PBXBuildFile; fileRef = 983BC0BE1D1027A3004505B7 /* ConfirmButtonCell.swift */; };
		986406301CFEA7E4004BCF51 /* CardCVVTextField.swift in Sources */ = {isa = PBXBuildFile; fileRef = 9864062A1CFEA7E4004BCF51 /* CardCVVTextField.swift */; };
		986406311CFEA7E4004BCF51 /* CardExpiryDateTextField.swift in Sources */ = {isa = PBXBuildFile; fileRef = 9864062B1CFEA7E4004BCF51 /* CardExpiryDateTextField.swift */; };
		986406321CFEA7E4004BCF51 /* CardNumberTextField.swift in Sources */ = {isa = PBXBuildFile; fileRef = 9864062C1CFEA7E4004BCF51 /* CardNumberTextField.swift */; };
		986406341CFEA7E4004BCF51 /* CardNameTextField.swift in Sources */ = {isa = PBXBuildFile; fileRef = 9864062E1CFEA7E4004BCF51 /* CardNameTextField.swift */; };
		986406351CFEA7E4004BCF51 /* OmiseTextField.swift in Sources */ = {isa = PBXBuildFile; fileRef = 9864062F1CFEA7E4004BCF51 /* OmiseTextField.swift */; };
		986406411CFEA818004BCF51 /* CardNumberFormCell.swift in Sources */ = {isa = PBXBuildFile; fileRef = 986406371CFEA818004BCF51 /* CardNumberFormCell.swift */; };
		986406431CFEA818004BCF51 /* ExpiryDateFormCell.swift in Sources */ = {isa = PBXBuildFile; fileRef = 986406391CFEA818004BCF51 /* ExpiryDateFormCell.swift */; };
		986406451CFEA818004BCF51 /* FormHeaderCell.swift in Sources */ = {isa = PBXBuildFile; fileRef = 9864063B1CFEA818004BCF51 /* FormHeaderCell.swift */; };
		986406471CFEA818004BCF51 /* NameCardFormCell.swift in Sources */ = {isa = PBXBuildFile; fileRef = 9864063D1CFEA818004BCF51 /* NameCardFormCell.swift */; };
		986406491CFEA818004BCF51 /* SecureCodeFormCell.swift in Sources */ = {isa = PBXBuildFile; fileRef = 9864063F1CFEA818004BCF51 /* SecureCodeFormCell.swift */; };
		987A02CE1CE35D5E0035417A /* OmiseSDK.framework in Frameworks */ = {isa = PBXBuildFile; fileRef = 225931181CE3210700841B86 /* OmiseSDK.framework */; };
		987A03211CE5B7D70035417A /* OmiseTokenRequestTest.swift in Sources */ = {isa = PBXBuildFile; fileRef = 987A03201CE5B7D70035417A /* OmiseTokenRequestTest.swift */; };
		987A03AD1CE5CD450035417A /* Fixtures in Resources */ = {isa = PBXBuildFile; fileRef = 987A03AC1CE5CD450035417A /* Fixtures */; };
		98E131741D1809E900E63E18 /* OmiseFormAccessoryView.swift in Sources */ = {isa = PBXBuildFile; fileRef = 98E131731D1809E900E63E18 /* OmiseFormAccessoryView.swift */; };
/* End PBXBuildFile section */

/* Begin PBXContainerItemProxy section */
		8A1F392A1D61D8DE00698781 /* PBXContainerItemProxy */ = {
			isa = PBXContainerItemProxy;
			containerPortal = 2259310F1CE3210700841B86 /* Project object */;
			proxyType = 1;
			remoteGlobalIDString = 8A1F38BF1D61C7C200698781;
			remoteInfo = "OmiseSDK Card.io";
		};
		987A02CF1CE35D5E0035417A /* PBXContainerItemProxy */ = {
			isa = PBXContainerItemProxy;
			containerPortal = 2259310F1CE3210700841B86 /* Project object */;
			proxyType = 1;
			remoteGlobalIDString = 225931171CE3210700841B86;
			remoteInfo = OmiseSDK;
		};
/* End PBXContainerItemProxy section */

/* Begin PBXCopyFilesBuildPhase section */
		8A0928211D545455008D393F /* Embed Frameworks */ = {
			isa = PBXCopyFilesBuildPhase;
			buildActionMask = 2147483647;
			dstPath = "";
			dstSubfolderSpec = 10;
			files = (
				8A1F392D1D61D8E900698781 /* OmiseSDK.framework in Embed Frameworks */,
			);
			name = "Embed Frameworks";
			runOnlyForDeploymentPostprocessing = 0;
		};
/* End PBXCopyFilesBuildPhase section */

/* Begin PBXFileReference section */
		143E0AE01D13B0DD002B6922 /* OmiseTableViewCell.swift */ = {isa = PBXFileReference; fileEncoding = 4; lastKnownFileType = sourcecode.swift; path = OmiseTableViewCell.swift; sourceTree = "<group>"; };
		14ACEF821D02D641001C5319 /* CardExpiryDatePicker.swift */ = {isa = PBXFileReference; fileEncoding = 4; lastKnownFileType = sourcecode.swift; path = CardExpiryDatePicker.swift; sourceTree = "<group>"; };
		2220F1A31D0FEE85008CD89F /* OmiseCard.swift */ = {isa = PBXFileReference; fileEncoding = 4; lastKnownFileType = sourcecode.swift; path = OmiseCard.swift; sourceTree = "<group>"; };
		2220F1A41D0FEE85008CD89F /* OmiseError.swift */ = {isa = PBXFileReference; fileEncoding = 4; lastKnownFileType = sourcecode.swift; path = OmiseError.swift; sourceTree = "<group>"; };
		2220F1A51D0FEE85008CD89F /* OmiseJsonParser.swift */ = {isa = PBXFileReference; fileEncoding = 4; lastKnownFileType = sourcecode.swift; path = OmiseJsonParser.swift; sourceTree = "<group>"; };
		2220F1A61D0FEE85008CD89F /* OmiseSDKClient.swift */ = {isa = PBXFileReference; fileEncoding = 4; lastKnownFileType = sourcecode.swift; path = OmiseSDKClient.swift; sourceTree = "<group>"; };
		2220F1A71D0FEE85008CD89F /* OmiseToken.swift */ = {isa = PBXFileReference; fileEncoding = 4; lastKnownFileType = sourcecode.swift; path = OmiseToken.swift; sourceTree = "<group>"; };
		2220F1A81D0FEE85008CD89F /* OmiseTokenRequest.swift */ = {isa = PBXFileReference; fileEncoding = 4; lastKnownFileType = sourcecode.swift; path = OmiseTokenRequest.swift; sourceTree = "<group>"; };
		2225B3531D0FDD63003EB396 /* Assets.xcassets */ = {isa = PBXFileReference; lastKnownFileType = folder.assetcatalog; path = Assets.xcassets; sourceTree = "<group>"; };
		22445FFB1CF41DD300801D0F /* Globals.swift */ = {isa = PBXFileReference; fileEncoding = 4; lastKnownFileType = sourcecode.swift; path = Globals.swift; sourceTree = "<group>"; };
		224460071CF43FF000801D0F /* OmiseJsonParserTest.swift */ = {isa = PBXFileReference; fileEncoding = 4; lastKnownFileType = sourcecode.swift; path = OmiseJsonParserTest.swift; sourceTree = "<group>"; };
		224460091CF441DC00801D0F /* TokenRequestDelegateDummy.swift */ = {isa = PBXFileReference; fileEncoding = 4; lastKnownFileType = sourcecode.swift; path = TokenRequestDelegateDummy.swift; sourceTree = "<group>"; };
		224E44EB1D0EBF0D00E558E3 /* Base */ = {isa = PBXFileReference; lastKnownFileType = file.storyboard; name = Base; path = Base.lproj/Main.storyboard; sourceTree = "<group>"; };
		224E44EE1D0EBF1200E558E3 /* Base */ = {isa = PBXFileReference; lastKnownFileType = file.storyboard; name = Base; path = Base.lproj/LaunchScreen.storyboard; sourceTree = "<group>"; };
		225931181CE3210700841B86 /* OmiseSDK.framework */ = {isa = PBXFileReference; explicitFileType = wrapper.framework; includeInIndex = 0; path = OmiseSDK.framework; sourceTree = BUILT_PRODUCTS_DIR; };
		2259311B1CE3210700841B86 /* OmiseSDK.h */ = {isa = PBXFileReference; lastKnownFileType = sourcecode.c.h; path = OmiseSDK.h; sourceTree = "<group>"; };
		2259311D1CE3210700841B86 /* Info.plist */ = {isa = PBXFileReference; lastKnownFileType = text.plist.xml; path = Info.plist; sourceTree = "<group>"; };
		2259314D1CE46E5700841B86 /* CardBrand.swift */ = {isa = PBXFileReference; fileEncoding = 4; lastKnownFileType = sourcecode.swift; path = CardBrand.swift; sourceTree = "<group>"; };
		2259314F1CE46F7F00841B86 /* CardNumber.swift */ = {isa = PBXFileReference; fileEncoding = 4; lastKnownFileType = sourcecode.swift; path = CardNumber.swift; sourceTree = "<group>"; };
		225931541CE4743A00841B86 /* CardNumberTest.swift */ = {isa = PBXFileReference; fileEncoding = 4; lastKnownFileType = sourcecode.swift; path = CardNumberTest.swift; sourceTree = "<group>"; };
		225931561CE4745200841B86 /* SDKTestCase.swift */ = {isa = PBXFileReference; fileEncoding = 4; lastKnownFileType = sourcecode.swift; path = SDKTestCase.swift; sourceTree = "<group>"; };
		226E16101D2268B400219652 /* QuickStart.playground */ = {isa = PBXFileReference; lastKnownFileType = file.playground; path = QuickStart.playground; sourceTree = "<group>"; xcLanguageSpecificationIdentifier = xcode.lang.swift; };
		229E14541D0EBAB5000511DE /* AppDelegate.swift */ = {isa = PBXFileReference; fileEncoding = 4; lastKnownFileType = sourcecode.swift; path = AppDelegate.swift; sourceTree = "<group>"; };
		229E14551D0EBAB5000511DE /* CompletePaymentViewController.swift */ = {isa = PBXFileReference; fileEncoding = 4; lastKnownFileType = sourcecode.swift; path = CompletePaymentViewController.swift; sourceTree = "<group>"; };
		229E14561D0EBAB5000511DE /* ProductDetailViewController.swift */ = {isa = PBXFileReference; fileEncoding = 4; lastKnownFileType = sourcecode.swift; path = ProductDetailViewController.swift; sourceTree = "<group>"; };
		229E14571D0EBAB5000511DE /* ProductViewController.swift */ = {isa = PBXFileReference; fileEncoding = 4; lastKnownFileType = sourcecode.swift; path = ProductViewController.swift; sourceTree = "<group>"; };
		22D4809D1D0EB29C00544CE1 /* ExampleApp.app */ = {isa = PBXFileReference; explicitFileType = wrapper.application; includeInIndex = 0; path = ExampleApp.app; sourceTree = BUILT_PRODUCTS_DIR; };
		22D480AB1D0EB29C00544CE1 /* Info.plist */ = {isa = PBXFileReference; lastKnownFileType = text.plist.xml; path = Info.plist; sourceTree = "<group>"; };
		22E0DBD61D0EBE2E00472C74 /* Assets.xcassets */ = {isa = PBXFileReference; lastKnownFileType = folder.assetcatalog; path = Assets.xcassets; sourceTree = "<group>"; };
		8A00FEC21F1DE88600246078 /* README.md */ = {isa = PBXFileReference; lastKnownFileType = net.daringfireball.markdown; name = README.md; path = ../README.md; sourceTree = "<group>"; };
		8A0927891D535548008D393F /* CardIO.h */ = {isa = PBXFileReference; fileEncoding = 4; lastKnownFileType = sourcecode.c.h; path = CardIO.h; sourceTree = "<group>"; };
		8A09278A1D535548008D393F /* CardIO.m */ = {isa = PBXFileReference; fileEncoding = 4; lastKnownFileType = sourcecode.c.objc; path = CardIO.m; sourceTree = "<group>"; };
		8A09278B1D535548008D393F /* CardIOCreditCardInfo.h */ = {isa = PBXFileReference; fileEncoding = 4; lastKnownFileType = sourcecode.c.h; path = CardIOCreditCardInfo.h; sourceTree = "<group>"; };
		8A09278C1D535548008D393F /* CardIODetectionMode.h */ = {isa = PBXFileReference; fileEncoding = 4; lastKnownFileType = sourcecode.c.h; path = CardIODetectionMode.h; sourceTree = "<group>"; };
		8A09278D1D535548008D393F /* CardIOPaymentViewController.h */ = {isa = PBXFileReference; fileEncoding = 4; lastKnownFileType = sourcecode.c.h; path = CardIOPaymentViewController.h; sourceTree = "<group>"; };
		8A09278E1D535548008D393F /* CardIOPaymentViewControllerDelegate.h */ = {isa = PBXFileReference; fileEncoding = 4; lastKnownFileType = sourcecode.c.h; path = CardIOPaymentViewControllerDelegate.h; sourceTree = "<group>"; };
		8A09278F1D535548008D393F /* CardIOUtilities.h */ = {isa = PBXFileReference; fileEncoding = 4; lastKnownFileType = sourcecode.c.h; path = CardIOUtilities.h; sourceTree = "<group>"; };
		8A0927901D535548008D393F /* CardIOView.h */ = {isa = PBXFileReference; fileEncoding = 4; lastKnownFileType = sourcecode.c.h; path = CardIOView.h; sourceTree = "<group>"; };
		8A0927911D535548008D393F /* CardIOViewDelegate.h */ = {isa = PBXFileReference; fileEncoding = 4; lastKnownFileType = sourcecode.c.h; path = CardIOViewDelegate.h; sourceTree = "<group>"; };
		8A09281B1D544C3F008D393F /* OmiseSDK.modulemap */ = {isa = PBXFileReference; fileEncoding = 4; lastKnownFileType = "sourcecode.module-map"; path = OmiseSDK.modulemap; sourceTree = "<group>"; };
		8A188BAF1D951E3C00FFF467 /* OmiseAuthorizingPaymentViewController.swift */ = {isa = PBXFileReference; fileEncoding = 4; lastKnownFileType = sourcecode.swift; path = OmiseAuthorizingPaymentViewController.swift; sourceTree = "<group>"; };
		8A1D4C651D51B72200C7837C /* CreditCardFormController.swift */ = {isa = PBXFileReference; fileEncoding = 4; indentWidth = 4; lastKnownFileType = sourcecode.swift; path = CreditCardFormController.swift; sourceTree = "<group>"; tabWidth = 4; };
		8A1F38EC1D61C7C200698781 /* OmiseSDK.framework */ = {isa = PBXFileReference; explicitFileType = wrapper.framework; includeInIndex = 0; path = OmiseSDK.framework; sourceTree = BUILT_PRODUCTS_DIR; };
		8A1F38EE1D61C7E400698781 /* libopencv_core.a */ = {isa = PBXFileReference; lastKnownFileType = archive.ar; path = libopencv_core.a; sourceTree = "<group>"; };
		8A1F38EF1D61C7E400698781 /* libopencv_imgproc.a */ = {isa = PBXFileReference; lastKnownFileType = archive.ar; path = libopencv_imgproc.a; sourceTree = "<group>"; };
		8A1F38F01D61C7E400698781 /* libCardIO.a */ = {isa = PBXFileReference; lastKnownFileType = archive.ar; path = libCardIO.a; sourceTree = "<group>"; };
		8A1F38F41D61C84900698781 /* Accelerate.framework */ = {isa = PBXFileReference; lastKnownFileType = wrapper.framework; name = Accelerate.framework; path = System/Library/Frameworks/Accelerate.framework; sourceTree = SDKROOT; };
		8A1F38F51D61C84900698781 /* AudioUnit.framework */ = {isa = PBXFileReference; lastKnownFileType = wrapper.framework; name = AudioUnit.framework; path = System/Library/Frameworks/AudioUnit.framework; sourceTree = SDKROOT; };
		8A1F38F61D61C84900698781 /* AVFoundation.framework */ = {isa = PBXFileReference; lastKnownFileType = wrapper.framework; name = AVFoundation.framework; path = System/Library/Frameworks/AVFoundation.framework; sourceTree = SDKROOT; };
		8A1F38F71D61C84900698781 /* MobileCoreServices.framework */ = {isa = PBXFileReference; lastKnownFileType = wrapper.framework; name = MobileCoreServices.framework; path = System/Library/Frameworks/MobileCoreServices.framework; sourceTree = SDKROOT; };
		8A1F38FC1D61C85900698781 /* AudioToolbox.framework */ = {isa = PBXFileReference; lastKnownFileType = wrapper.framework; name = AudioToolbox.framework; path = System/Library/Frameworks/AudioToolbox.framework; sourceTree = SDKROOT; };
		8A1F38FE1D61C86300698781 /* CoreMedia.framework */ = {isa = PBXFileReference; lastKnownFileType = wrapper.framework; name = CoreMedia.framework; path = System/Library/Frameworks/CoreMedia.framework; sourceTree = SDKROOT; };
		8A55E4B71DA3CF0100AC515A /* Card.io-Info.plist */ = {isa = PBXFileReference; lastKnownFileType = text.plist.xml; path = "Card.io-Info.plist"; sourceTree = "<group>"; };
		8A55E4B91DA3CF5900AC515A /* ja */ = {isa = PBXFileReference; lastKnownFileType = text.plist.strings; name = ja; path = ja.lproj/Main.strings; sourceTree = "<group>"; };
		8A55E4BA1DA3CF6100AC515A /* th */ = {isa = PBXFileReference; lastKnownFileType = text.plist.strings; name = th; path = th.lproj/Main.strings; sourceTree = "<group>"; };
		8A5D59821D5317DD005D3346 /* Base */ = {isa = PBXFileReference; lastKnownFileType = file.storyboard; name = Base; path = Base.lproj/OmiseSDK.storyboard; sourceTree = "<group>"; };
		8A5D59851D5317E0005D3346 /* th */ = {isa = PBXFileReference; lastKnownFileType = text.plist.strings; name = th; path = th.lproj/OmiseSDK.strings; sourceTree = "<group>"; };
		8A5D59871D5317E1005D3346 /* ja */ = {isa = PBXFileReference; lastKnownFileType = text.plist.strings; name = ja; path = ja.lproj/OmiseSDK.strings; sourceTree = "<group>"; };
		981FA5F81D0EDDB0009ECEDC /* Base */ = {isa = PBXFileReference; lastKnownFileType = text.plist.strings; name = Base; path = Base.lproj/Localizable.strings; sourceTree = "<group>"; };
		981FA5FA1D0EDDD8009ECEDC /* th */ = {isa = PBXFileReference; lastKnownFileType = text.plist.strings; name = th; path = th.lproj/Localizable.strings; sourceTree = "<group>"; };
		981FA5FB1D0EDDDB009ECEDC /* ja */ = {isa = PBXFileReference; lastKnownFileType = text.plist.strings; name = ja; path = ja.lproj/Localizable.strings; sourceTree = "<group>"; };
		982237BF1D115BD400D266F3 /* ErrorMessageCell.swift */ = {isa = PBXFileReference; fileEncoding = 4; lastKnownFileType = sourcecode.swift; path = ErrorMessageCell.swift; sourceTree = "<group>"; };
		983BC0BE1D1027A3004505B7 /* ConfirmButtonCell.swift */ = {isa = PBXFileReference; fileEncoding = 4; lastKnownFileType = sourcecode.swift; path = ConfirmButtonCell.swift; sourceTree = "<group>"; };
		9864062A1CFEA7E4004BCF51 /* CardCVVTextField.swift */ = {isa = PBXFileReference; fileEncoding = 4; lastKnownFileType = sourcecode.swift; path = CardCVVTextField.swift; sourceTree = "<group>"; };
		9864062B1CFEA7E4004BCF51 /* CardExpiryDateTextField.swift */ = {isa = PBXFileReference; fileEncoding = 4; lastKnownFileType = sourcecode.swift; path = CardExpiryDateTextField.swift; sourceTree = "<group>"; };
		9864062C1CFEA7E4004BCF51 /* CardNumberTextField.swift */ = {isa = PBXFileReference; fileEncoding = 4; lastKnownFileType = sourcecode.swift; path = CardNumberTextField.swift; sourceTree = "<group>"; };
		9864062E1CFEA7E4004BCF51 /* CardNameTextField.swift */ = {isa = PBXFileReference; fileEncoding = 4; lastKnownFileType = sourcecode.swift; path = CardNameTextField.swift; sourceTree = "<group>"; };
		9864062F1CFEA7E4004BCF51 /* OmiseTextField.swift */ = {isa = PBXFileReference; fileEncoding = 4; lastKnownFileType = sourcecode.swift; path = OmiseTextField.swift; sourceTree = "<group>"; };
		986406371CFEA818004BCF51 /* CardNumberFormCell.swift */ = {isa = PBXFileReference; fileEncoding = 4; lastKnownFileType = sourcecode.swift; path = CardNumberFormCell.swift; sourceTree = "<group>"; };
		986406391CFEA818004BCF51 /* ExpiryDateFormCell.swift */ = {isa = PBXFileReference; fileEncoding = 4; lastKnownFileType = sourcecode.swift; path = ExpiryDateFormCell.swift; sourceTree = "<group>"; };
		9864063B1CFEA818004BCF51 /* FormHeaderCell.swift */ = {isa = PBXFileReference; fileEncoding = 4; lastKnownFileType = sourcecode.swift; path = FormHeaderCell.swift; sourceTree = "<group>"; };
		9864063D1CFEA818004BCF51 /* NameCardFormCell.swift */ = {isa = PBXFileReference; fileEncoding = 4; lastKnownFileType = sourcecode.swift; path = NameCardFormCell.swift; sourceTree = "<group>"; };
		9864063F1CFEA818004BCF51 /* SecureCodeFormCell.swift */ = {isa = PBXFileReference; fileEncoding = 4; lastKnownFileType = sourcecode.swift; path = SecureCodeFormCell.swift; sourceTree = "<group>"; };
		987A02C91CE35D5E0035417A /* OmiseSDKTests.xctest */ = {isa = PBXFileReference; explicitFileType = wrapper.cfbundle; includeInIndex = 0; path = OmiseSDKTests.xctest; sourceTree = BUILT_PRODUCTS_DIR; };
		987A02CD1CE35D5E0035417A /* Info.plist */ = {isa = PBXFileReference; lastKnownFileType = text.plist.xml; path = Info.plist; sourceTree = "<group>"; };
		987A03201CE5B7D70035417A /* OmiseTokenRequestTest.swift */ = {isa = PBXFileReference; fileEncoding = 4; lastKnownFileType = sourcecode.swift; path = OmiseTokenRequestTest.swift; sourceTree = "<group>"; };
		987A03AC1CE5CD450035417A /* Fixtures */ = {isa = PBXFileReference; lastKnownFileType = folder; path = Fixtures; sourceTree = "<group>"; };
		98E131731D1809E900E63E18 /* OmiseFormAccessoryView.swift */ = {isa = PBXFileReference; fileEncoding = 4; lastKnownFileType = sourcecode.swift; path = OmiseFormAccessoryView.swift; sourceTree = "<group>"; };
/* End PBXFileReference section */

/* Begin PBXFrameworksBuildPhase section */
		225931141CE3210700841B86 /* Frameworks */ = {
			isa = PBXFrameworksBuildPhase;
			buildActionMask = 2147483647;
			files = (
			);
			runOnlyForDeploymentPostprocessing = 0;
		};
		22D4809A1D0EB29C00544CE1 /* Frameworks */ = {
			isa = PBXFrameworksBuildPhase;
			buildActionMask = 2147483647;
			files = (
				8A1F392C1D61D8E900698781 /* OmiseSDK.framework in Frameworks */,
			);
			runOnlyForDeploymentPostprocessing = 0;
		};
		8A1F38DA1D61C7C200698781 /* Frameworks */ = {
			isa = PBXFrameworksBuildPhase;
			buildActionMask = 2147483647;
			files = (
				8A1F38FF1D61C86300698781 /* CoreMedia.framework in Frameworks */,
				8A1F38FD1D61C85900698781 /* AudioToolbox.framework in Frameworks */,
				8A1F38F81D61C84900698781 /* Accelerate.framework in Frameworks */,
				8A1F38FA1D61C84900698781 /* AVFoundation.framework in Frameworks */,
				8A1F38FB1D61C84900698781 /* MobileCoreServices.framework in Frameworks */,
				8A1F38F21D61C7E400698781 /* libopencv_imgproc.a in Frameworks */,
				8A1F38F31D61C7E400698781 /* libCardIO.a in Frameworks */,
				8A1F38F11D61C7E400698781 /* libopencv_core.a in Frameworks */,
			);
			runOnlyForDeploymentPostprocessing = 0;
		};
		987A02C61CE35D5E0035417A /* Frameworks */ = {
			isa = PBXFrameworksBuildPhase;
			buildActionMask = 2147483647;
			files = (
				987A02CE1CE35D5E0035417A /* OmiseSDK.framework in Frameworks */,
			);
			runOnlyForDeploymentPostprocessing = 0;
		};
/* End PBXFrameworksBuildPhase section */

/* Begin PBXGroup section */
		2259310E1CE3210700841B86 = {
			isa = PBXGroup;
			children = (
				226E16101D2268B400219652 /* QuickStart.playground */,
				22D4809E1D0EB29C00544CE1 /* ExampleApp */,
				2259311A1CE3210700841B86 /* OmiseSDK */,
				987A02CA1CE35D5E0035417A /* OmiseSDKTests */,
				225931191CE3210700841B86 /* Products */,
			);
			indentWidth = 4;
			sourceTree = "<group>";
			tabWidth = 4;
		};
		225931191CE3210700841B86 /* Products */ = {
			isa = PBXGroup;
			children = (
				225931181CE3210700841B86 /* OmiseSDK.framework */,
				987A02C91CE35D5E0035417A /* OmiseSDKTests.xctest */,
				22D4809D1D0EB29C00544CE1 /* ExampleApp.app */,
				8A1F38EC1D61C7C200698781 /* OmiseSDK.framework */,
			);
			name = Products;
			sourceTree = "<group>";
		};
		2259311A1CE3210700841B86 /* OmiseSDK */ = {
			isa = PBXGroup;
			children = (
				8A00FEC21F1DE88600246078 /* README.md */,
				2259311B1CE3210700841B86 /* OmiseSDK.h */,
				8A09281B1D544C3F008D393F /* OmiseSDK.modulemap */,
				8A55E4B71DA3CF0100AC515A /* Card.io-Info.plist */,
				2259311D1CE3210700841B86 /* Info.plist */,
				2259314D1CE46E5700841B86 /* CardBrand.swift */,
				2259314F1CE46F7F00841B86 /* CardNumber.swift */,
				8A1D4C651D51B72200C7837C /* CreditCardFormController.swift */,
				22445FFB1CF41DD300801D0F /* Globals.swift */,
				8A188BAF1D951E3C00FFF467 /* OmiseAuthorizingPaymentViewController.swift */,
				2220F1A31D0FEE85008CD89F /* OmiseCard.swift */,
				2220F1A41D0FEE85008CD89F /* OmiseError.swift */,
				98E131731D1809E900E63E18 /* OmiseFormAccessoryView.swift */,
				2220F1A51D0FEE85008CD89F /* OmiseJsonParser.swift */,
				2220F1A61D0FEE85008CD89F /* OmiseSDKClient.swift */,
				2220F1A71D0FEE85008CD89F /* OmiseToken.swift */,
				2220F1A81D0FEE85008CD89F /* OmiseTokenRequest.swift */,
				2225B3531D0FDD63003EB396 /* Assets.xcassets */,
				9864064B1CFEA820004BCF51 /* Cells */,
				986406361CFEA7EA004BCF51 /* Fields */,
				8A0927841D535548008D393F /* Library */,
				981FA5F91D0EDDB0009ECEDC /* Localizable.strings */,
				8A5D59831D5317DD005D3346 /* OmiseSDK.storyboard */,
			);
			path = OmiseSDK;
			sourceTree = "<group>";
		};
		22D4809E1D0EB29C00544CE1 /* ExampleApp */ = {
			isa = PBXGroup;
			children = (
				22D480AB1D0EB29C00544CE1 /* Info.plist */,
				229E14541D0EBAB5000511DE /* AppDelegate.swift */,
				229E14551D0EBAB5000511DE /* CompletePaymentViewController.swift */,
				229E14561D0EBAB5000511DE /* ProductDetailViewController.swift */,
				229E14571D0EBAB5000511DE /* ProductViewController.swift */,
				22E0DBD61D0EBE2E00472C74 /* Assets.xcassets */,
				224E44EF1D0EBF1200E558E3 /* LaunchScreen.storyboard */,
				224E44EC1D0EBF0D00E558E3 /* Main.storyboard */,
			);
			path = ExampleApp;
			sourceTree = "<group>";
		};
		8A0927841D535548008D393F /* Library */ = {
			isa = PBXGroup;
			children = (
				8A0927851D535548008D393F /* card.io */,
			);
			path = Library;
			sourceTree = SOURCE_ROOT;
		};
		8A0927851D535548008D393F /* card.io */ = {
			isa = PBXGroup;
			children = (
				8A0927881D535548008D393F /* CardIO */,
				8A1F38FE1D61C86300698781 /* CoreMedia.framework */,
				8A1F38FC1D61C85900698781 /* AudioToolbox.framework */,
				8A1F38F41D61C84900698781 /* Accelerate.framework */,
				8A1F38F51D61C84900698781 /* AudioUnit.framework */,
				8A1F38F61D61C84900698781 /* AVFoundation.framework */,
				8A1F38F71D61C84900698781 /* MobileCoreServices.framework */,
			);
			path = card.io;
			sourceTree = "<group>";
		};
		8A0927881D535548008D393F /* CardIO */ = {
			isa = PBXGroup;
			children = (
				8A0927891D535548008D393F /* CardIO.h */,
				8A09278A1D535548008D393F /* CardIO.m */,
				8A09278B1D535548008D393F /* CardIOCreditCardInfo.h */,
				8A09278C1D535548008D393F /* CardIODetectionMode.h */,
				8A09278D1D535548008D393F /* CardIOPaymentViewController.h */,
				8A09278E1D535548008D393F /* CardIOPaymentViewControllerDelegate.h */,
				8A09278F1D535548008D393F /* CardIOUtilities.h */,
				8A0927901D535548008D393F /* CardIOView.h */,
				8A0927911D535548008D393F /* CardIOViewDelegate.h */,
				8A1F38EE1D61C7E400698781 /* libopencv_core.a */,
				8A1F38EF1D61C7E400698781 /* libopencv_imgproc.a */,
				8A1F38F01D61C7E400698781 /* libCardIO.a */,
			);
			path = CardIO;
			sourceTree = "<group>";
		};
		986406361CFEA7EA004BCF51 /* Fields */ = {
			isa = PBXGroup;
			children = (
				9864062A1CFEA7E4004BCF51 /* CardCVVTextField.swift */,
				14ACEF821D02D641001C5319 /* CardExpiryDatePicker.swift */,
				9864062B1CFEA7E4004BCF51 /* CardExpiryDateTextField.swift */,
				9864062E1CFEA7E4004BCF51 /* CardNameTextField.swift */,
				9864062C1CFEA7E4004BCF51 /* CardNumberTextField.swift */,
				9864062F1CFEA7E4004BCF51 /* OmiseTextField.swift */,
			);
			name = Fields;
			sourceTree = "<group>";
		};
		9864064B1CFEA820004BCF51 /* Cells */ = {
			isa = PBXGroup;
			children = (
				986406371CFEA818004BCF51 /* CardNumberFormCell.swift */,
				983BC0BE1D1027A3004505B7 /* ConfirmButtonCell.swift */,
				982237BF1D115BD400D266F3 /* ErrorMessageCell.swift */,
				986406391CFEA818004BCF51 /* ExpiryDateFormCell.swift */,
				9864063B1CFEA818004BCF51 /* FormHeaderCell.swift */,
				9864063D1CFEA818004BCF51 /* NameCardFormCell.swift */,
				143E0AE01D13B0DD002B6922 /* OmiseTableViewCell.swift */,
				9864063F1CFEA818004BCF51 /* SecureCodeFormCell.swift */,
			);
			name = Cells;
			sourceTree = "<group>";
		};
		987A02CA1CE35D5E0035417A /* OmiseSDKTests */ = {
			isa = PBXGroup;
			children = (
				987A03AC1CE5CD450035417A /* Fixtures */,
				987A02CD1CE35D5E0035417A /* Info.plist */,
				225931541CE4743A00841B86 /* CardNumberTest.swift */,
				224460071CF43FF000801D0F /* OmiseJsonParserTest.swift */,
				987A03201CE5B7D70035417A /* OmiseTokenRequestTest.swift */,
				225931561CE4745200841B86 /* SDKTestCase.swift */,
				224460091CF441DC00801D0F /* TokenRequestDelegateDummy.swift */,
			);
			path = OmiseSDKTests;
			sourceTree = "<group>";
		};
/* End PBXGroup section */

/* Begin PBXHeadersBuildPhase section */
		225931151CE3210700841B86 /* Headers */ = {
			isa = PBXHeadersBuildPhase;
			buildActionMask = 2147483647;
			files = (
				2259311C1CE3210700841B86 /* OmiseSDK.h in Headers */,
			);
			runOnlyForDeploymentPostprocessing = 0;
		};
		8A1F38DB1D61C7C200698781 /* Headers */ = {
			isa = PBXHeadersBuildPhase;
			buildActionMask = 2147483647;
			files = (
				8A1F38DC1D61C7C200698781 /* CardIOUtilities.h in Headers */,
				8A1F38DD1D61C7C200698781 /* CardIOPaymentViewController.h in Headers */,
				8A1F38DE1D61C7C200698781 /* CardIOViewDelegate.h in Headers */,
				8A1F38DF1D61C7C200698781 /* CardIO.h in Headers */,
				8A1F38E01D61C7C200698781 /* CardIODetectionMode.h in Headers */,
				8A1F38E11D61C7C200698781 /* CardIOPaymentViewControllerDelegate.h in Headers */,
				8A1F38E21D61C7C200698781 /* OmiseSDK.h in Headers */,
				8A1F38E31D61C7C200698781 /* CardIOCreditCardInfo.h in Headers */,
				8A1F38E41D61C7C200698781 /* CardIOView.h in Headers */,
			);
			runOnlyForDeploymentPostprocessing = 0;
		};
/* End PBXHeadersBuildPhase section */

/* Begin PBXNativeTarget section */
		225931171CE3210700841B86 /* OmiseSDK */ = {
			isa = PBXNativeTarget;
			buildConfigurationList = 225931201CE3210700841B86 /* Build configuration list for PBXNativeTarget "OmiseSDK" */;
			buildPhases = (
				225931131CE3210700841B86 /* Sources */,
				225931141CE3210700841B86 /* Frameworks */,
				225931151CE3210700841B86 /* Headers */,
				225931161CE3210700841B86 /* Resources */,
			);
			buildRules = (
			);
			dependencies = (
			);
			name = OmiseSDK;
			productName = OmiseSDK;
			productReference = 225931181CE3210700841B86 /* OmiseSDK.framework */;
			productType = "com.apple.product-type.framework";
		};
		22D4809C1D0EB29C00544CE1 /* ExampleApp */ = {
			isa = PBXNativeTarget;
			buildConfigurationList = 22D480AE1D0EB29C00544CE1 /* Build configuration list for PBXNativeTarget "ExampleApp" */;
			buildPhases = (
				22D480991D0EB29C00544CE1 /* Sources */,
				22D4809A1D0EB29C00544CE1 /* Frameworks */,
				22D4809B1D0EB29C00544CE1 /* Resources */,
				8A0928211D545455008D393F /* Embed Frameworks */,
			);
			buildRules = (
			);
			dependencies = (
				8A1F392B1D61D8DE00698781 /* PBXTargetDependency */,
			);
			name = ExampleApp;
			productName = ExampleApp;
			productReference = 22D4809D1D0EB29C00544CE1 /* ExampleApp.app */;
			productType = "com.apple.product-type.application";
		};
		8A1F38BF1D61C7C200698781 /* OmiseSDK Card.io */ = {
			isa = PBXNativeTarget;
			buildConfigurationList = 8A1F38E91D61C7C200698781 /* Build configuration list for PBXNativeTarget "OmiseSDK Card.io" */;
			buildPhases = (
				8A1F38C01D61C7C200698781 /* Sources */,
				8A1F38DA1D61C7C200698781 /* Frameworks */,
				8A1F38DB1D61C7C200698781 /* Headers */,
				8A1F38E51D61C7C200698781 /* Resources */,
			);
			buildRules = (
			);
			dependencies = (
			);
			name = "OmiseSDK Card.io";
			productName = OmiseSDK;
			productReference = 8A1F38EC1D61C7C200698781 /* OmiseSDK.framework */;
			productType = "com.apple.product-type.framework";
		};
		987A02C81CE35D5E0035417A /* OmiseSDKTests */ = {
			isa = PBXNativeTarget;
			buildConfigurationList = 987A02D31CE35D5E0035417A /* Build configuration list for PBXNativeTarget "OmiseSDKTests" */;
			buildPhases = (
				987A02C51CE35D5E0035417A /* Sources */,
				987A02C61CE35D5E0035417A /* Frameworks */,
				987A02C71CE35D5E0035417A /* Resources */,
			);
			buildRules = (
			);
			dependencies = (
				987A02D01CE35D5E0035417A /* PBXTargetDependency */,
			);
			name = OmiseSDKTests;
			productName = OmiseSDKTests;
			productReference = 987A02C91CE35D5E0035417A /* OmiseSDKTests.xctest */;
			productType = "com.apple.product-type.bundle.unit-test";
		};
/* End PBXNativeTarget section */

/* Begin PBXProject section */
		2259310F1CE3210700841B86 /* Project object */ = {
			isa = PBXProject;
			attributes = {
				CLASSPREFIX = OMS;
				LastSwiftUpdateCheck = 0730;
				LastUpgradeCheck = 0900;
				ORGANIZATIONNAME = Omise;
				TargetAttributes = {
					225931171CE3210700841B86 = {
						CreatedOnToolsVersion = 7.3;
						LastSwiftMigration = 0900;
						ProvisioningStyle = Automatic;
					};
					22D4809C1D0EB29C00544CE1 = {
						CreatedOnToolsVersion = 7.3;
						LastSwiftMigration = 0900;
						ProvisioningStyle = Automatic;
					};
					8A1F38BF1D61C7C200698781 = {
						LastSwiftMigration = 0900;
					};
					987A02C81CE35D5E0035417A = {
						CreatedOnToolsVersion = 7.3.1;
						LastSwiftMigration = 0900;
						ProvisioningStyle = Automatic;
					};
				};
			};
			buildConfigurationList = 225931121CE3210700841B86 /* Build configuration list for PBXProject "OmiseSDK" */;
			compatibilityVersion = "Xcode 3.2";
			developmentRegion = English;
			hasScannedForEncodings = 0;
			knownRegions = (
				en,
				th,
				ja,
				Base,
			);
			mainGroup = 2259310E1CE3210700841B86;
			productRefGroup = 225931191CE3210700841B86 /* Products */;
			projectDirPath = "";
			projectRoot = "";
			targets = (
				225931171CE3210700841B86 /* OmiseSDK */,
				8A1F38BF1D61C7C200698781 /* OmiseSDK Card.io */,
				987A02C81CE35D5E0035417A /* OmiseSDKTests */,
				22D4809C1D0EB29C00544CE1 /* ExampleApp */,
			);
		};
/* End PBXProject section */

/* Begin PBXResourcesBuildPhase section */
		225931161CE3210700841B86 /* Resources */ = {
			isa = PBXResourcesBuildPhase;
			buildActionMask = 2147483647;
			files = (
				8A5D59811D5317DD005D3346 /* OmiseSDK.storyboard in Resources */,
				981FA5F71D0EDDB0009ECEDC /* Localizable.strings in Resources */,
				2225B3541D0FDD63003EB396 /* Assets.xcassets in Resources */,
			);
			runOnlyForDeploymentPostprocessing = 0;
		};
		22D4809B1D0EB29C00544CE1 /* Resources */ = {
			isa = PBXResourcesBuildPhase;
			buildActionMask = 2147483647;
			files = (
				224E44ED1D0EBF1200E558E3 /* LaunchScreen.storyboard in Resources */,
				22E0DBD71D0EBE2E00472C74 /* Assets.xcassets in Resources */,
				224E44EA1D0EBF0D00E558E3 /* Main.storyboard in Resources */,
			);
			runOnlyForDeploymentPostprocessing = 0;
		};
		8A1F38E51D61C7C200698781 /* Resources */ = {
			isa = PBXResourcesBuildPhase;
			buildActionMask = 2147483647;
			files = (
				8A1F38E61D61C7C200698781 /* OmiseSDK.storyboard in Resources */,
				8A1F38E71D61C7C200698781 /* Localizable.strings in Resources */,
				8A1F38E81D61C7C200698781 /* Assets.xcassets in Resources */,
			);
			runOnlyForDeploymentPostprocessing = 0;
		};
		987A02C71CE35D5E0035417A /* Resources */ = {
			isa = PBXResourcesBuildPhase;
			buildActionMask = 2147483647;
			files = (
				987A03AD1CE5CD450035417A /* Fixtures in Resources */,
			);
			runOnlyForDeploymentPostprocessing = 0;
		};
/* End PBXResourcesBuildPhase section */

/* Begin PBXSourcesBuildPhase section */
		225931131CE3210700841B86 /* Sources */ = {
			isa = PBXSourcesBuildPhase;
			buildActionMask = 2147483647;
			files = (
				982237C11D115BD400D266F3 /* ErrorMessageCell.swift in Sources */,
				143E0AE11D13B0DD002B6922 /* OmiseTableViewCell.swift in Sources */,
				2220F1AC1D0FEE85008CD89F /* OmiseSDKClient.swift in Sources */,
				2220F1AA1D0FEE85008CD89F /* OmiseError.swift in Sources */,
				986406451CFEA818004BCF51 /* FormHeaderCell.swift in Sources */,
				986406411CFEA818004BCF51 /* CardNumberFormCell.swift in Sources */,
				983BC0C01D1027A3004505B7 /* ConfirmButtonCell.swift in Sources */,
				986406351CFEA7E4004BCF51 /* OmiseTextField.swift in Sources */,
				2220F1AD1D0FEE85008CD89F /* OmiseToken.swift in Sources */,
				2220F1A91D0FEE85008CD89F /* OmiseCard.swift in Sources */,
				8A1D4C661D51B72200C7837C /* CreditCardFormController.swift in Sources */,
				986406311CFEA7E4004BCF51 /* CardExpiryDateTextField.swift in Sources */,
				986406341CFEA7E4004BCF51 /* CardNameTextField.swift in Sources */,
				8A188BB01D951E3C00FFF467 /* OmiseAuthorizingPaymentViewController.swift in Sources */,
				986406491CFEA818004BCF51 /* SecureCodeFormCell.swift in Sources */,
				14ACEF831D02D641001C5319 /* CardExpiryDatePicker.swift in Sources */,
				986406431CFEA818004BCF51 /* ExpiryDateFormCell.swift in Sources */,
				986406471CFEA818004BCF51 /* NameCardFormCell.swift in Sources */,
				986406301CFEA7E4004BCF51 /* CardCVVTextField.swift in Sources */,
				98E131741D1809E900E63E18 /* OmiseFormAccessoryView.swift in Sources */,
				22445FFC1CF41DD300801D0F /* Globals.swift in Sources */,
				2220F1AE1D0FEE85008CD89F /* OmiseTokenRequest.swift in Sources */,
				2220F1AB1D0FEE85008CD89F /* OmiseJsonParser.swift in Sources */,
				986406321CFEA7E4004BCF51 /* CardNumberTextField.swift in Sources */,
				225931501CE46F7F00841B86 /* CardNumber.swift in Sources */,
				2259314E1CE46E5700841B86 /* CardBrand.swift in Sources */,
			);
			runOnlyForDeploymentPostprocessing = 0;
		};
		22D480991D0EB29C00544CE1 /* Sources */ = {
			isa = PBXSourcesBuildPhase;
			buildActionMask = 2147483647;
			files = (
				229E14591D0EBAB5000511DE /* CompletePaymentViewController.swift in Sources */,
				229E14581D0EBAB5000511DE /* AppDelegate.swift in Sources */,
				229E145B1D0EBAB5000511DE /* ProductViewController.swift in Sources */,
				229E145A1D0EBAB5000511DE /* ProductDetailViewController.swift in Sources */,
			);
			runOnlyForDeploymentPostprocessing = 0;
		};
		8A1F38C01D61C7C200698781 /* Sources */ = {
			isa = PBXSourcesBuildPhase;
			buildActionMask = 2147483647;
			files = (
				8A1F39031D61C8B500698781 /* ErrorMessageCell.swift in Sources */,
				8A1F39051D61C8B500698781 /* OmiseSDKClient.swift in Sources */,
				8A1F39081D61C8B500698781 /* CardNumberFormCell.swift in Sources */,
				8A1F39141D61C8B500698781 /* CardCVVTextField.swift in Sources */,
				8A1F390C1D61C8B500698781 /* OmiseCard.swift in Sources */,
				8A1F39091D61C8B500698781 /* ConfirmButtonCell.swift in Sources */,
				8A1F391A1D61C8B500698781 /* CardNumber.swift in Sources */,
				8A1F39061D61C8B500698781 /* OmiseError.swift in Sources */,
				8A1F39121D61C8B500698781 /* ExpiryDateFormCell.swift in Sources */,
				8A1F39161D61C8B500698781 /* Globals.swift in Sources */,
				8A1F391B1D61C8B500698781 /* CardBrand.swift in Sources */,
				8A1F39191D61C8B500698781 /* CardNumberTextField.swift in Sources */,
				8A1F390E1D61C8B500698781 /* CardExpiryDateTextField.swift in Sources */,
				8A188BB11D951E3C00FFF467 /* OmiseAuthorizingPaymentViewController.swift in Sources */,
				8A1F390A1D61C8B500698781 /* OmiseTextField.swift in Sources */,
				8A1F39071D61C8B500698781 /* FormHeaderCell.swift in Sources */,
				8A1F39181D61C8B500698781 /* OmiseJsonParser.swift in Sources */,
				8A1F39041D61C8B500698781 /* OmiseTableViewCell.swift in Sources */,
				8A1F390B1D61C8B500698781 /* OmiseToken.swift in Sources */,
				8A1F39101D61C8B500698781 /* SecureCodeFormCell.swift in Sources */,
				8A1F39131D61C8B500698781 /* NameCardFormCell.swift in Sources */,
				8A1F39171D61C8B500698781 /* OmiseTokenRequest.swift in Sources */,
				8A1F390D1D61C8B500698781 /* CreditCardFormController.swift in Sources */,
				8A1F39111D61C8B500698781 /* CardExpiryDatePicker.swift in Sources */,
				8A1F390F1D61C8B500698781 /* CardNameTextField.swift in Sources */,
				8A1F39151D61C8B500698781 /* OmiseFormAccessoryView.swift in Sources */,
			);
			runOnlyForDeploymentPostprocessing = 0;
		};
		987A02C51CE35D5E0035417A /* Sources */ = {
			isa = PBXSourcesBuildPhase;
			buildActionMask = 2147483647;
			files = (
				224460081CF43FF000801D0F /* OmiseJsonParserTest.swift in Sources */,
				224460041CF43A1200801D0F /* SDKTestCase.swift in Sources */,
				2244600A1CF441DC00801D0F /* TokenRequestDelegateDummy.swift in Sources */,
				224460051CF43A1500801D0F /* CardNumberTest.swift in Sources */,
				987A03211CE5B7D70035417A /* OmiseTokenRequestTest.swift in Sources */,
			);
			runOnlyForDeploymentPostprocessing = 0;
		};
/* End PBXSourcesBuildPhase section */

/* Begin PBXTargetDependency section */
		8A1F392B1D61D8DE00698781 /* PBXTargetDependency */ = {
			isa = PBXTargetDependency;
			target = 8A1F38BF1D61C7C200698781 /* OmiseSDK Card.io */;
			targetProxy = 8A1F392A1D61D8DE00698781 /* PBXContainerItemProxy */;
		};
		987A02D01CE35D5E0035417A /* PBXTargetDependency */ = {
			isa = PBXTargetDependency;
			target = 225931171CE3210700841B86 /* OmiseSDK */;
			targetProxy = 987A02CF1CE35D5E0035417A /* PBXContainerItemProxy */;
		};
/* End PBXTargetDependency section */

/* Begin PBXVariantGroup section */
		224E44EC1D0EBF0D00E558E3 /* Main.storyboard */ = {
			isa = PBXVariantGroup;
			children = (
				224E44EB1D0EBF0D00E558E3 /* Base */,
				8A55E4B91DA3CF5900AC515A /* ja */,
				8A55E4BA1DA3CF6100AC515A /* th */,
			);
			name = Main.storyboard;
			sourceTree = "<group>";
		};
		224E44EF1D0EBF1200E558E3 /* LaunchScreen.storyboard */ = {
			isa = PBXVariantGroup;
			children = (
				224E44EE1D0EBF1200E558E3 /* Base */,
			);
			name = LaunchScreen.storyboard;
			sourceTree = "<group>";
		};
		8A5D59831D5317DD005D3346 /* OmiseSDK.storyboard */ = {
			isa = PBXVariantGroup;
			children = (
				8A5D59821D5317DD005D3346 /* Base */,
				8A5D59851D5317E0005D3346 /* th */,
				8A5D59871D5317E1005D3346 /* ja */,
			);
			name = OmiseSDK.storyboard;
			sourceTree = "<group>";
		};
		981FA5F91D0EDDB0009ECEDC /* Localizable.strings */ = {
			isa = PBXVariantGroup;
			children = (
				981FA5F81D0EDDB0009ECEDC /* Base */,
				981FA5FA1D0EDDD8009ECEDC /* th */,
				981FA5FB1D0EDDDB009ECEDC /* ja */,
			);
			name = Localizable.strings;
			sourceTree = "<group>";
		};
/* End PBXVariantGroup section */

/* Begin XCBuildConfiguration section */
		2259311E1CE3210700841B86 /* Debug */ = {
			isa = XCBuildConfiguration;
			buildSettings = {
				ALWAYS_SEARCH_USER_PATHS = NO;
				CLANG_ANALYZER_LOCALIZABILITY_NONLOCALIZED = YES;
				CLANG_ANALYZER_NONNULL = YES;
				CLANG_CXX_LANGUAGE_STANDARD = "gnu++0x";
				CLANG_CXX_LIBRARY = "libc++";
				CLANG_ENABLE_MODULES = YES;
				CLANG_ENABLE_OBJC_ARC = YES;
				CLANG_WARN_BLOCK_CAPTURE_AUTORELEASING = YES;
				CLANG_WARN_BOOL_CONVERSION = YES;
				CLANG_WARN_COMMA = YES;
				CLANG_WARN_CONSTANT_CONVERSION = YES;
				CLANG_WARN_DIRECT_OBJC_ISA_USAGE = YES_ERROR;
				CLANG_WARN_EMPTY_BODY = YES;
				CLANG_WARN_ENUM_CONVERSION = YES;
				CLANG_WARN_INFINITE_RECURSION = YES;
				CLANG_WARN_INT_CONVERSION = YES;
				CLANG_WARN_NON_LITERAL_NULL_CONVERSION = YES;
				CLANG_WARN_OBJC_LITERAL_CONVERSION = YES;
				CLANG_WARN_OBJC_ROOT_CLASS = YES_ERROR;
				CLANG_WARN_RANGE_LOOP_ANALYSIS = YES;
				CLANG_WARN_STRICT_PROTOTYPES = YES;
				CLANG_WARN_SUSPICIOUS_MOVE = YES;
				CLANG_WARN_UNREACHABLE_CODE = YES;
				CLANG_WARN__DUPLICATE_METHOD_MATCH = YES;
				"CODE_SIGN_IDENTITY[sdk=iphoneos*]" = "iPhone Developer";
				COPY_PHASE_STRIP = NO;
				CURRENT_PROJECT_VERSION = 1;
				DEBUG_INFORMATION_FORMAT = dwarf;
				ENABLE_STRICT_OBJC_MSGSEND = YES;
				ENABLE_TESTABILITY = YES;
				GCC_C_LANGUAGE_STANDARD = gnu99;
				GCC_DYNAMIC_NO_PIC = NO;
				GCC_NO_COMMON_BLOCKS = YES;
				GCC_OPTIMIZATION_LEVEL = 0;
				GCC_PREPROCESSOR_DEFINITIONS = (
					"DEBUG=1",
					"$(inherited)",
				);
				GCC_WARN_64_TO_32_BIT_CONVERSION = YES;
				GCC_WARN_ABOUT_RETURN_TYPE = YES_ERROR;
				GCC_WARN_UNDECLARED_SELECTOR = YES;
				GCC_WARN_UNINITIALIZED_AUTOS = YES_AGGRESSIVE;
				GCC_WARN_UNUSED_FUNCTION = YES;
				GCC_WARN_UNUSED_VARIABLE = YES;
				IPHONEOS_DEPLOYMENT_TARGET = 8.0;
				MTL_ENABLE_DEBUG_INFO = YES;
				ONLY_ACTIVE_ARCH = YES;
				SDKROOT = iphoneos;
				SWIFT_OPTIMIZATION_LEVEL = "-Onone";
				SWIFT_VERSION = 4.0;
				TARGETED_DEVICE_FAMILY = "1,2";
				VERSIONING_SYSTEM = "apple-generic";
				VERSION_INFO_PREFIX = "";
			};
			name = Debug;
		};
		2259311F1CE3210700841B86 /* Release */ = {
			isa = XCBuildConfiguration;
			buildSettings = {
				ALWAYS_SEARCH_USER_PATHS = NO;
				CLANG_ANALYZER_LOCALIZABILITY_NONLOCALIZED = YES;
				CLANG_ANALYZER_NONNULL = YES;
				CLANG_CXX_LANGUAGE_STANDARD = "gnu++0x";
				CLANG_CXX_LIBRARY = "libc++";
				CLANG_ENABLE_MODULES = YES;
				CLANG_ENABLE_OBJC_ARC = YES;
				CLANG_WARN_BLOCK_CAPTURE_AUTORELEASING = YES;
				CLANG_WARN_BOOL_CONVERSION = YES;
				CLANG_WARN_COMMA = YES;
				CLANG_WARN_CONSTANT_CONVERSION = YES;
				CLANG_WARN_DIRECT_OBJC_ISA_USAGE = YES_ERROR;
				CLANG_WARN_EMPTY_BODY = YES;
				CLANG_WARN_ENUM_CONVERSION = YES;
				CLANG_WARN_INFINITE_RECURSION = YES;
				CLANG_WARN_INT_CONVERSION = YES;
				CLANG_WARN_NON_LITERAL_NULL_CONVERSION = YES;
				CLANG_WARN_OBJC_LITERAL_CONVERSION = YES;
				CLANG_WARN_OBJC_ROOT_CLASS = YES_ERROR;
				CLANG_WARN_RANGE_LOOP_ANALYSIS = YES;
				CLANG_WARN_STRICT_PROTOTYPES = YES;
				CLANG_WARN_SUSPICIOUS_MOVE = YES;
				CLANG_WARN_UNREACHABLE_CODE = YES;
				CLANG_WARN__DUPLICATE_METHOD_MATCH = YES;
				"CODE_SIGN_IDENTITY[sdk=iphoneos*]" = "iPhone Distribution";
				COPY_PHASE_STRIP = NO;
				CURRENT_PROJECT_VERSION = 1;
				DEBUG_INFORMATION_FORMAT = "dwarf-with-dsym";
				ENABLE_NS_ASSERTIONS = NO;
				ENABLE_STRICT_OBJC_MSGSEND = YES;
				GCC_C_LANGUAGE_STANDARD = gnu99;
				GCC_NO_COMMON_BLOCKS = YES;
				GCC_WARN_64_TO_32_BIT_CONVERSION = YES;
				GCC_WARN_ABOUT_RETURN_TYPE = YES_ERROR;
				GCC_WARN_UNDECLARED_SELECTOR = YES;
				GCC_WARN_UNINITIALIZED_AUTOS = YES_AGGRESSIVE;
				GCC_WARN_UNUSED_FUNCTION = YES;
				GCC_WARN_UNUSED_VARIABLE = YES;
				IPHONEOS_DEPLOYMENT_TARGET = 8.0;
				MTL_ENABLE_DEBUG_INFO = NO;
				SDKROOT = iphoneos;
				SWIFT_OPTIMIZATION_LEVEL = "-Owholemodule";
				SWIFT_VERSION = 4.0;
				TARGETED_DEVICE_FAMILY = "1,2";
				VALIDATE_PRODUCT = YES;
				VERSIONING_SYSTEM = "apple-generic";
				VERSION_INFO_PREFIX = "";
			};
			name = Release;
		};
		225931211CE3210700841B86 /* Debug */ = {
			isa = XCBuildConfiguration;
			buildSettings = {
				CLANG_ENABLE_MODULES = YES;
				"CODE_SIGN_IDENTITY[sdk=iphoneos*]" = "";
				DEFINES_MODULE = YES;
				DYLIB_COMPATIBILITY_VERSION = 1;
				DYLIB_CURRENT_VERSION = 1;
				DYLIB_INSTALL_NAME_BASE = "@rpath";
				FRAMEWORK_SEARCH_PATHS = (
					"$(inherited)",
					"$(PROJECT_DIR)",
				);
				INFOPLIST_FILE = OmiseSDK/Info.plist;
				INSTALL_PATH = "$(LOCAL_LIBRARY_DIR)/Frameworks";
				IPHONEOS_DEPLOYMENT_TARGET = 8.0;
				LD_RUNPATH_SEARCH_PATHS = "$(inherited) @executable_path/Frameworks @loader_path/Frameworks";
				OTHER_LDFLAGS = "-lc++";
				PRODUCT_BUNDLE_IDENTIFIER = co.omise.OmiseSDK;
				PRODUCT_NAME = "$(TARGET_NAME)";
				SKIP_INSTALL = YES;
			};
			name = Debug;
		};
		225931221CE3210700841B86 /* Release */ = {
			isa = XCBuildConfiguration;
			buildSettings = {
				CLANG_ENABLE_MODULES = YES;
				"CODE_SIGN_IDENTITY[sdk=iphoneos*]" = "";
				DEFINES_MODULE = YES;
				DYLIB_COMPATIBILITY_VERSION = 1;
				DYLIB_CURRENT_VERSION = 1;
				DYLIB_INSTALL_NAME_BASE = "@rpath";
				FRAMEWORK_SEARCH_PATHS = (
					"$(inherited)",
					"$(PROJECT_DIR)",
				);
				INFOPLIST_FILE = OmiseSDK/Info.plist;
				INSTALL_PATH = "$(LOCAL_LIBRARY_DIR)/Frameworks";
				IPHONEOS_DEPLOYMENT_TARGET = 8.0;
				LD_RUNPATH_SEARCH_PATHS = "$(inherited) @executable_path/Frameworks @loader_path/Frameworks";
				OTHER_LDFLAGS = "-lc++";
				PRODUCT_BUNDLE_IDENTIFIER = co.omise.OmiseSDK;
				PRODUCT_NAME = "$(TARGET_NAME)";
				SKIP_INSTALL = YES;
			};
			name = Release;
		};
		22D480AC1D0EB29C00544CE1 /* Debug */ = {
			isa = XCBuildConfiguration;
			buildSettings = {
				ALWAYS_EMBED_SWIFT_STANDARD_LIBRARIES = YES;
				ASSETCATALOG_COMPILER_APPICON_NAME = AppIcon;
				CLANG_ENABLE_MODULES = YES;
				"CODE_SIGN_IDENTITY[sdk=iphoneos*]" = "iPhone Developer";
				DEVELOPMENT_TEAM = "";
				INFOPLIST_FILE = ExampleApp/Info.plist;
				IPHONEOS_DEPLOYMENT_TARGET = 10.0;
				LD_RUNPATH_SEARCH_PATHS = "$(inherited) @executable_path/Frameworks";
				LIBRARY_SEARCH_PATHS = (
					"$(inherited)",
					"$(PROJECT_DIR)$(LOCAL_LIBRARY_DIR)/card.io/CardIO",
				);
				OTHER_LDFLAGS = (
					"-lc++",
					"-all_load",
				);
				PRODUCT_BUNDLE_IDENTIFIER = co.omise.ExampleApp;
				PRODUCT_NAME = "$(TARGET_NAME)";
				SWIFT_OPTIMIZATION_LEVEL = "-Onone";
			};
			name = Debug;
		};
		22D480AD1D0EB29C00544CE1 /* Release */ = {
			isa = XCBuildConfiguration;
			buildSettings = {
				ALWAYS_EMBED_SWIFT_STANDARD_LIBRARIES = YES;
				ASSETCATALOG_COMPILER_APPICON_NAME = AppIcon;
				CLANG_ENABLE_MODULES = YES;
				"CODE_SIGN_IDENTITY[sdk=iphoneos*]" = "iPhone Developer";
				DEVELOPMENT_TEAM = "";
				INFOPLIST_FILE = ExampleApp/Info.plist;
				IPHONEOS_DEPLOYMENT_TARGET = 10.0;
				LD_RUNPATH_SEARCH_PATHS = "$(inherited) @executable_path/Frameworks";
				LIBRARY_SEARCH_PATHS = (
					"$(inherited)",
					"$(PROJECT_DIR)$(LOCAL_LIBRARY_DIR)/card.io/CardIO",
				);
				OTHER_LDFLAGS = (
					"-lc++",
					"-all_load",
				);
				PRODUCT_BUNDLE_IDENTIFIER = co.omise.ExampleApp;
				PRODUCT_NAME = "$(TARGET_NAME)";
			};
			name = Release;
		};
		8A1F38EA1D61C7C200698781 /* Debug */ = {
			isa = XCBuildConfiguration;
			buildSettings = {
				CLANG_ENABLE_MODULES = YES;
				CODE_SIGN_IDENTITY = "iPhone Developer";
				"CODE_SIGN_IDENTITY[sdk=iphoneos*]" = "";
				DEFINES_MODULE = YES;
				DYLIB_COMPATIBILITY_VERSION = 1;
				DYLIB_CURRENT_VERSION = 1;
				DYLIB_INSTALL_NAME_BASE = "@rpath";
				FRAMEWORK_SEARCH_PATHS = (
					"$(inherited)",
					"$(PROJECT_DIR)",
				);
				INFOPLIST_FILE = "OmiseSDK/Card.io-Info.plist";
				INSTALL_PATH = "$(LOCAL_LIBRARY_DIR)/Frameworks";
				IPHONEOS_DEPLOYMENT_TARGET = 8.0;
				LD_RUNPATH_SEARCH_PATHS = "$(inherited) @executable_path/Frameworks @loader_path/Frameworks";
				LIBRARY_SEARCH_PATHS = (
					"$(inherited)",
					"$(PROJECT_DIR)$(LOCAL_LIBRARY_DIR)/card.io/CardIO",
				);
				MODULEMAP_FILE = "$(SRCROOT)/OmiseSDK/OmiseSDK.modulemap";
				OTHER_LDFLAGS = (
					"-lc++",
					"-ObjC",
				);
				OTHER_SWIFT_FLAGS = "-D CardIO";
				PRODUCT_BUNDLE_IDENTIFIER = co.omise.OmiseSDK;
				PRODUCT_NAME = OmiseSDK;
				SKIP_INSTALL = YES;
			};
			name = Debug;
		};
		8A1F38EB1D61C7C200698781 /* Release */ = {
			isa = XCBuildConfiguration;
			buildSettings = {
				CLANG_ENABLE_MODULES = YES;
				CODE_SIGN_IDENTITY = "iPhone Developer";
				"CODE_SIGN_IDENTITY[sdk=iphoneos*]" = "";
				DEFINES_MODULE = YES;
				DYLIB_COMPATIBILITY_VERSION = 1;
				DYLIB_CURRENT_VERSION = 1;
				DYLIB_INSTALL_NAME_BASE = "@rpath";
				FRAMEWORK_SEARCH_PATHS = (
					"$(inherited)",
					"$(PROJECT_DIR)",
				);
				INFOPLIST_FILE = "OmiseSDK/Card.io-Info.plist";
				INSTALL_PATH = "$(LOCAL_LIBRARY_DIR)/Frameworks";
				IPHONEOS_DEPLOYMENT_TARGET = 8.0;
				LD_RUNPATH_SEARCH_PATHS = "$(inherited) @executable_path/Frameworks @loader_path/Frameworks";
				LIBRARY_SEARCH_PATHS = (
					"$(inherited)",
					"$(PROJECT_DIR)$(LOCAL_LIBRARY_DIR)/card.io/CardIO",
				);
				MODULEMAP_FILE = "$(SRCROOT)/OmiseSDK/OmiseSDK.modulemap";
				OTHER_LDFLAGS = (
					"-lc++",
					"-ObjC",
				);
				OTHER_SWIFT_FLAGS = "-D CardIO";
				PRODUCT_BUNDLE_IDENTIFIER = co.omise.OmiseSDK;
				PRODUCT_NAME = OmiseSDK;
				SKIP_INSTALL = YES;
			};
			name = Release;
		};
		987A02D11CE35D5E0035417A /* Debug */ = {
			isa = XCBuildConfiguration;
			buildSettings = {
				CLANG_ENABLE_MODULES = YES;
				DEVELOPMENT_TEAM = "";
				INFOPLIST_FILE = OmiseSDKTests/Info.plist;
				IPHONEOS_DEPLOYMENT_TARGET = 10.0;
				LD_RUNPATH_SEARCH_PATHS = "$(inherited) @executable_path/Frameworks @loader_path/Frameworks";
				PRODUCT_BUNDLE_IDENTIFIER = co.omise.OmiseSDKTests;
				PRODUCT_NAME = "$(TARGET_NAME)";
				SWIFT_OPTIMIZATION_LEVEL = "-Onone";
			};
			name = Debug;
		};
		987A02D21CE35D5E0035417A /* Release */ = {
			isa = XCBuildConfiguration;
			buildSettings = {
				CLANG_ENABLE_MODULES = YES;
				"CODE_SIGN_IDENTITY[sdk=iphoneos*]" = "";
				DEVELOPMENT_TEAM = "";
				INFOPLIST_FILE = OmiseSDKTests/Info.plist;
				IPHONEOS_DEPLOYMENT_TARGET = 10.0;
				LD_RUNPATH_SEARCH_PATHS = "$(inherited) @executable_path/Frameworks @loader_path/Frameworks";
				PRODUCT_BUNDLE_IDENTIFIER = co.omise.OmiseSDKTests;
				PRODUCT_NAME = "$(TARGET_NAME)";
				SWIFT_OPTIMIZATION_LEVEL = "-Owholemodule";
			};
			name = Release;
		};
/* End XCBuildConfiguration section */

/* Begin XCConfigurationList section */
		225931121CE3210700841B86 /* Build configuration list for PBXProject "OmiseSDK" */ = {
			isa = XCConfigurationList;
			buildConfigurations = (
				2259311E1CE3210700841B86 /* Debug */,
				2259311F1CE3210700841B86 /* Release */,
			);
			defaultConfigurationIsVisible = 0;
			defaultConfigurationName = Release;
		};
		225931201CE3210700841B86 /* Build configuration list for PBXNativeTarget "OmiseSDK" */ = {
			isa = XCConfigurationList;
			buildConfigurations = (
				225931211CE3210700841B86 /* Debug */,
				225931221CE3210700841B86 /* Release */,
			);
			defaultConfigurationIsVisible = 0;
			defaultConfigurationName = Release;
		};
		22D480AE1D0EB29C00544CE1 /* Build configuration list for PBXNativeTarget "ExampleApp" */ = {
			isa = XCConfigurationList;
			buildConfigurations = (
				22D480AC1D0EB29C00544CE1 /* Debug */,
				22D480AD1D0EB29C00544CE1 /* Release */,
			);
			defaultConfigurationIsVisible = 0;
			defaultConfigurationName = Release;
		};
		8A1F38E91D61C7C200698781 /* Build configuration list for PBXNativeTarget "OmiseSDK Card.io" */ = {
			isa = XCConfigurationList;
			buildConfigurations = (
				8A1F38EA1D61C7C200698781 /* Debug */,
				8A1F38EB1D61C7C200698781 /* Release */,
			);
			defaultConfigurationIsVisible = 0;
			defaultConfigurationName = Release;
		};
		987A02D31CE35D5E0035417A /* Build configuration list for PBXNativeTarget "OmiseSDKTests" */ = {
			isa = XCConfigurationList;
			buildConfigurations = (
				987A02D11CE35D5E0035417A /* Debug */,
				987A02D21CE35D5E0035417A /* Release */,
			);
			defaultConfigurationIsVisible = 0;
			defaultConfigurationName = Release;
		};
/* End XCConfigurationList section */
	};
	rootObject = 2259310F1CE3210700841B86 /* Project object */;
}
