{
  "object": {
    "pins": [
      {
        "package": "ThreeDS_SDK",
        "repositoryURL": "https://github.com/ios-3ds-sdk/SPM.git",
        "state": {
          "branch": null,
          "revision": "1ba85e40625efcbcf81c524b326d4e4a59a90a64",
          "version": "2.3.74"
        }
      }
    ]
  },
  "version": 1
}
