{
  "object": {
    "pins": [
      {
        "package": "OmiseFlutterSPM",
        "repositoryURL": "https://github.com/tyler-techcombine/flutter-ios-framework-spm.git",
        "state": {
          "branch": "release",
          "revision": "5f29a7777a8419f36655d7efee6680dd42813044",
          "version": null
        }
      },
      {
        "package": "ThreeDS_SDK",
        "repositoryURL": "https://github.com/ios-3ds-sdk/SPM.git",
        "state": {
          "branch": null,
          "revision": "a4e55d7f10294ea81abd1db393ae05606a5efa46",
          "version": "2.4.0"
        }
      }
    ]
  },
  "version": 1
}
