{
  "object": {
    "pins": [
      {
        "package": "OmiseFlutterSPM",
        "repositoryURL": "https://github.com/tyler-techcombine/flutter-ios-framework-spm.git",
        "state": {
          "branch": "build-config",
          "revision": "38cfc7fdfa78c36a9c9edb3cef266b9e70c053ad",
          "version": null
        }
      },
      {
        "package": "ThreeDS_SDK",
        "repositoryURL": "https://github.com/ios-3ds-sdk/SPM.git",
        "state": {
          "branch": null,
          "revision": "a4e55d7f10294ea81abd1db393ae05606a5efa46",
          "version": "2.4.0"
        }
      }
    ]
  },
  "version": 1
}
