// !$*UTF8*$!
{
	archiveVersion = 1;
	classes = {
	};
	objectVersion = 56;
	objects = {

/* Begin PBXBuildFile section */
		7558BBE02AE24CD80035CD99 /* OmiseSDK in Frameworks */ = {isa = PBXBuildFile; productRef = 7558BBDF2AE24CD80035CD99 /* OmiseSDK */; };
		757B0A482AD7136800DEAE8F /* Config.local.plist in Resources */ = {isa = PBXBuildFile; fileRef = 757B0A462AD7136800DEAE8F /* Config.local.plist */; };
		757B0A5B2AD713A000DEAE8F /* LaunchScreen.strings in Resources */ = {isa = PBXBuildFile; fileRef = 757B0A4B2AD7139F00DEAE8F /* LaunchScreen.strings */; };
		757B0A5C2AD713A000DEAE8F /* Assets.xcassets in Resources */ = {isa = PBXBuildFile; fileRef = 757B0A4E2AD713A000DEAE8F /* Assets.xcassets */; };
		757B0A5D2AD713A000DEAE8F /* LaunchScreen.storyboard in Resources */ = {isa = PBXBuildFile; fileRef = 757B0A4F2AD713A000DEAE8F /* LaunchScreen.storyboard */; };
		757B0A5E2AD713A000DEAE8F /* Main.storyboard in Resources */ = {isa = PBXBuildFile; fileRef = 757B0A512AD713A000DEAE8F /* Main.storyboard */; };
		757B0A5F2AD713A000DEAE8F /* BaseViewController.swift in Sources */ = {isa = PBXBuildFile; fileRef = 757B0A542AD713A000DEAE8F /* BaseViewController.swift */; };
		757B0A602AD713A000DEAE8F /* ProductDetailViewController.swift in Sources */ = {isa = PBXBuildFile; fileRef = 757B0A552AD713A000DEAE8F /* ProductDetailViewController.swift */; };
		757B0A612AD713A000DEAE8F /* PaymentSettingTableViewController.swift in Sources */ = {isa = PBXBuildFile; fileRef = 757B0A562AD713A000DEAE8F /* PaymentSettingTableViewController.swift */; };
		757B0A622AD713A000DEAE8F /* CustomCreditCardFormViewController.swift in Sources */ = {isa = PBXBuildFile; fileRef = 757B0A572AD713A000DEAE8F /* CustomCreditCardFormViewController.swift */; };
		757B0A632AD713A000DEAE8F /* LocalConfig.swift in Sources */ = {isa = PBXBuildFile; fileRef = 757B0A592AD713A000DEAE8F /* LocalConfig.swift */; };
		757B0A642AD713A000DEAE8F /* Tools.swift in Sources */ = {isa = PBXBuildFile; fileRef = 757B0A5A2AD713A000DEAE8F /* Tools.swift */; };
		75C2E2292AD712F1008584C0 /* AppDelegate.swift in Sources */ = {isa = PBXBuildFile; fileRef = 75C2E2282AD712F1008584C0 /* AppDelegate.swift */; };
/* End PBXBuildFile section */

/* Begin PBXFileReference section */
		757B0A462AD7136800DEAE8F /* Config.local.plist */ = {isa = PBXFileReference; fileEncoding = 4; lastKnownFileType = text.plist.xml; path = Config.local.plist; sourceTree = "<group>"; };
		757B0A4C2AD7139F00DEAE8F /* ja */ = {isa = PBXFileReference; lastKnownFileType = text.plist.strings; name = ja; path = ja.lproj/LaunchScreen.strings; sourceTree = "<group>"; };
		757B0A4D2AD713A000DEAE8F /* en */ = {isa = PBXFileReference; lastKnownFileType = text.plist.strings; name = en; path = en.lproj/LaunchScreen.strings; sourceTree = "<group>"; };
		757B0A4E2AD713A000DEAE8F /* Assets.xcassets */ = {isa = PBXFileReference; lastKnownFileType = folder.assetcatalog; path = Assets.xcassets; sourceTree = "<group>"; };
		757B0A502AD713A000DEAE8F /* Base */ = {isa = PBXFileReference; lastKnownFileType = file.storyboard; name = Base; path = Base.lproj/LaunchScreen.storyboard; sourceTree = "<group>"; };
		757B0A512AD713A000DEAE8F /* Main.storyboard */ = {isa = PBXFileReference; fileEncoding = 4; lastKnownFileType = file.storyboard; path = Main.storyboard; sourceTree = "<group>"; };
		757B0A522AD713A000DEAE8F /* th */ = {isa = PBXFileReference; lastKnownFileType = text.plist.strings; name = th; path = th.lproj/LaunchScreen.strings; sourceTree = "<group>"; };
		757B0A542AD713A000DEAE8F /* BaseViewController.swift */ = {isa = PBXFileReference; fileEncoding = 4; lastKnownFileType = sourcecode.swift; path = BaseViewController.swift; sourceTree = "<group>"; };
		757B0A552AD713A000DEAE8F /* ProductDetailViewController.swift */ = {isa = PBXFileReference; fileEncoding = 4; lastKnownFileType = sourcecode.swift; path = ProductDetailViewController.swift; sourceTree = "<group>"; };
		757B0A562AD713A000DEAE8F /* PaymentSettingTableViewController.swift */ = {isa = PBXFileReference; fileEncoding = 4; lastKnownFileType = sourcecode.swift; path = PaymentSettingTableViewController.swift; sourceTree = "<group>"; };
		757B0A572AD713A000DEAE8F /* CustomCreditCardFormViewController.swift */ = {isa = PBXFileReference; fileEncoding = 4; lastKnownFileType = sourcecode.swift; path = CustomCreditCardFormViewController.swift; sourceTree = "<group>"; };
		757B0A592AD713A000DEAE8F /* LocalConfig.swift */ = {isa = PBXFileReference; fileEncoding = 4; lastKnownFileType = sourcecode.swift; path = LocalConfig.swift; sourceTree = "<group>"; };
		757B0A5A2AD713A000DEAE8F /* Tools.swift */ = {isa = PBXFileReference; fileEncoding = 4; lastKnownFileType = sourcecode.swift; path = Tools.swift; sourceTree = "<group>"; };
		75C2E2252AD712F1008584C0 /* ExampleApp.app */ = {isa = PBXFileReference; explicitFileType = wrapper.application; includeInIndex = 0; path = ExampleApp.app; sourceTree = BUILT_PRODUCTS_DIR; };
		75C2E2282AD712F1008584C0 /* AppDelegate.swift */ = {isa = PBXFileReference; lastKnownFileType = sourcecode.swift; path = AppDelegate.swift; sourceTree = "<group>"; };
		75C2E2362AD712F2008584C0 /* Info.plist */ = {isa = PBXFileReference; lastKnownFileType = text.plist.xml; path = Info.plist; sourceTree = "<group>"; };
/* End PBXFileReference section */

/* Begin PBXFrameworksBuildPhase section */
		75C2E2222AD712F1008584C0 /* Frameworks */ = {
			isa = PBXFrameworksBuildPhase;
			buildActionMask = 2147483647;
			files = (
				7558BBE02AE24CD80035CD99 /* OmiseSDK in Frameworks */,
			);
			runOnlyForDeploymentPostprocessing = 0;
		};
/* End PBXFrameworksBuildPhase section */

/* Begin PBXGroup section */
		757B0A4A2AD7139F00DEAE8F /* Resources */ = {
			isa = PBXGroup;
			children = (
				757B0A4B2AD7139F00DEAE8F /* LaunchScreen.strings */,
				757B0A4E2AD713A000DEAE8F /* Assets.xcassets */,
				757B0A4F2AD713A000DEAE8F /* LaunchScreen.storyboard */,
				757B0A512AD713A000DEAE8F /* Main.storyboard */,
			);
			path = Resources;
			sourceTree = "<group>";
		};
		757B0A532AD713A000DEAE8F /* Views */ = {
			isa = PBXGroup;
			children = (
				757B0A542AD713A000DEAE8F /* BaseViewController.swift */,
				757B0A552AD713A000DEAE8F /* ProductDetailViewController.swift */,
				757B0A562AD713A000DEAE8F /* PaymentSettingTableViewController.swift */,
				757B0A572AD713A000DEAE8F /* CustomCreditCardFormViewController.swift */,
			);
			path = Views;
			sourceTree = "<group>";
		};
		757B0A582AD713A000DEAE8F /* Models */ = {
			isa = PBXGroup;
			children = (
				757B0A592AD713A000DEAE8F /* LocalConfig.swift */,
				757B0A5A2AD713A000DEAE8F /* Tools.swift */,
			);
			path = Models;
			sourceTree = "<group>";
		};
		75C2E21C2AD712F1008584C0 = {
			isa = PBXGroup;
			children = (
				75C2E2272AD712F1008584C0 /* ExampleApp */,
				75C2E2262AD712F1008584C0 /* Products */,
			);
			sourceTree = "<group>";
		};
		75C2E2262AD712F1008584C0 /* Products */ = {
			isa = PBXGroup;
			children = (
				75C2E2252AD712F1008584C0 /* ExampleApp.app */,
			);
			name = Products;
			sourceTree = "<group>";
		};
		75C2E2272AD712F1008584C0 /* ExampleApp */ = {
			isa = PBXGroup;
			children = (
				757B0A582AD713A000DEAE8F /* Models */,
				757B0A4A2AD7139F00DEAE8F /* Resources */,
				757B0A532AD713A000DEAE8F /* Views */,
				75C2E2282AD712F1008584C0 /* AppDelegate.swift */,
				757B0A462AD7136800DEAE8F /* Config.local.plist */,
				75C2E2362AD712F2008584C0 /* Info.plist */,
			);
			path = ExampleApp;
			sourceTree = "<group>";
		};
/* End PBXGroup section */

/* Begin PBXNativeTarget section */
		75C2E2242AD712F1008584C0 /* ExampleApp */ = {
			isa = PBXNativeTarget;
			buildConfigurationList = 75C2E2392AD712F2008584C0 /* Build configuration list for PBXNativeTarget "ExampleApp" */;
			buildPhases = (
				75C2E2212AD712F1008584C0 /* Sources */,
				75C2E2222AD712F1008584C0 /* Frameworks */,
				75C2E2232AD712F1008584C0 /* Resources */,
			);
			buildRules = (
			);
			dependencies = (
			);
			name = ExampleApp;
			packageProductDependencies = (
				7558BBDF2AE24CD80035CD99 /* OmiseSDK */,
			);
			productName = ExampleApp;
			productReference = 75C2E2252AD712F1008584C0 /* ExampleApp.app */;
			productType = "com.apple.product-type.application";
		};
/* End PBXNativeTarget section */

/* Begin PBXProject section */
		75C2E21D2AD712F1008584C0 /* Project object */ = {
			isa = PBXProject;
			attributes = {
				BuildIndependentTargetsInParallel = 1;
				LastSwiftUpdateCheck = 1500;
				LastUpgradeCheck = 1500;
				TargetAttributes = {
					75C2E2242AD712F1008584C0 = {
						CreatedOnToolsVersion = 15.0;
					};
				};
			};
			buildConfigurationList = 75C2E2202AD712F1008584C0 /* Build configuration list for PBXProject "ExampleApp" */;
			compatibilityVersion = "Xcode 14.0";
			developmentRegion = en;
			hasScannedForEncodings = 0;
			knownRegions = (
				en,
				Base,
				ja,
				th,
			);
			mainGroup = 75C2E21C2AD712F1008584C0;
			packageReferences = (
				7558BBDE2AE24CD80035CD99 /* XCRemoteSwiftPackageReference "omise-ios" */,
			);
			productRefGroup = 75C2E2262AD712F1008584C0 /* Products */;
			projectDirPath = "";
			projectRoot = "";
			targets = (
				75C2E2242AD712F1008584C0 /* ExampleApp */,
			);
		};
/* End PBXProject section */

/* Begin PBXResourcesBuildPhase section */
		75C2E2232AD712F1008584C0 /* Resources */ = {
			isa = PBXResourcesBuildPhase;
			buildActionMask = 2147483647;
			files = (
				757B0A482AD7136800DEAE8F /* Config.local.plist in Resources */,
				757B0A5E2AD713A000DEAE8F /* Main.storyboard in Resources */,
				757B0A5D2AD713A000DEAE8F /* LaunchScreen.storyboard in Resources */,
				757B0A5C2AD713A000DEAE8F /* Assets.xcassets in Resources */,
				757B0A5B2AD713A000DEAE8F /* LaunchScreen.strings in Resources */,
			);
			runOnlyForDeploymentPostprocessing = 0;
		};
/* End PBXResourcesBuildPhase section */

/* Begin PBXSourcesBuildPhase section */
		75C2E2212AD712F1008584C0 /* Sources */ = {
			isa = PBXSourcesBuildPhase;
			buildActionMask = 2147483647;
			files = (
				75C2E2292AD712F1008584C0 /* AppDelegate.swift in Sources */,
				757B0A612AD713A000DEAE8F /* PaymentSettingTableViewController.swift in Sources */,
				757B0A5F2AD713A000DEAE8F /* BaseViewController.swift in Sources */,
				757B0A632AD713A000DEAE8F /* LocalConfig.swift in Sources */,
				757B0A642AD713A000DEAE8F /* Tools.swift in Sources */,
				757B0A602AD713A000DEAE8F /* ProductDetailViewController.swift in Sources */,
				757B0A622AD713A000DEAE8F /* CustomCreditCardFormViewController.swift in Sources */,
			);
			runOnlyForDeploymentPostprocessing = 0;
		};
/* End PBXSourcesBuildPhase section */

/* Begin PBXVariantGroup section */
		757B0A4B2AD7139F00DEAE8F /* LaunchScreen.strings */ = {
			isa = PBXVariantGroup;
			children = (
				757B0A4C2AD7139F00DEAE8F /* ja */,
				757B0A4D2AD713A000DEAE8F /* en */,
				757B0A522AD713A000DEAE8F /* th */,
			);
			name = LaunchScreen.strings;
			sourceTree = "<group>";
		};
		757B0A4F2AD713A000DEAE8F /* LaunchScreen.storyboard */ = {
			isa = PBXVariantGroup;
			children = (
				757B0A502AD713A000DEAE8F /* Base */,
			);
			name = LaunchScreen.storyboard;
			sourceTree = "<group>";
		};
/* End PBXVariantGroup section */

/* Begin XCBuildConfiguration section */
		75C2E2372AD712F2008584C0 /* Debug */ = {
			isa = XCBuildConfiguration;
			buildSettings = {
				ALWAYS_SEARCH_USER_PATHS = NO;
				ASSETCATALOG_COMPILER_GENERATE_SWIFT_ASSET_SYMBOL_EXTENSIONS = YES;
				CLANG_ANALYZER_NONNULL = YES;
				CLANG_ANALYZER_NUMBER_OBJECT_CONVERSION = YES_AGGRESSIVE;
				CLANG_CXX_LANGUAGE_STANDARD = "gnu++20";
				CLANG_ENABLE_MODULES = YES;
				CLANG_ENABLE_OBJC_ARC = YES;
				CLANG_ENABLE_OBJC_WEAK = YES;
				CLANG_WARN_BLOCK_CAPTURE_AUTORELEASING = YES;
				CLANG_WARN_BOOL_CONVERSION = YES;
				CLANG_WARN_COMMA = YES;
				CLANG_WARN_CONSTANT_CONVERSION = YES;
				CLANG_WARN_DEPRECATED_OBJC_IMPLEMENTATIONS = YES;
				CLANG_WARN_DIRECT_OBJC_ISA_USAGE = YES_ERROR;
				CLANG_WARN_DOCUMENTATION_COMMENTS = YES;
				CLANG_WARN_EMPTY_BODY = YES;
				CLANG_WARN_ENUM_CONVERSION = YES;
				CLANG_WARN_INFINITE_RECURSION = YES;
				CLANG_WARN_INT_CONVERSION = YES;
				CLANG_WARN_NON_LITERAL_NULL_CONVERSION = YES;
				CLANG_WARN_OBJC_IMPLICIT_RETAIN_SELF = YES;
				CLANG_WARN_OBJC_LITERAL_CONVERSION = YES;
				CLANG_WARN_OBJC_ROOT_CLASS = YES_ERROR;
				CLANG_WARN_QUOTED_INCLUDE_IN_FRAMEWORK_HEADER = YES;
				CLANG_WARN_RANGE_LOOP_ANALYSIS = YES;
				CLANG_WARN_STRICT_PROTOTYPES = YES;
				CLANG_WARN_SUSPICIOUS_MOVE = YES;
				CLANG_WARN_UNGUARDED_AVAILABILITY = YES_AGGRESSIVE;
				CLANG_WARN_UNREACHABLE_CODE = YES;
				CLANG_WARN__DUPLICATE_METHOD_MATCH = YES;
				COPY_PHASE_STRIP = NO;
				DEBUG_INFORMATION_FORMAT = dwarf;
				ENABLE_STRICT_OBJC_MSGSEND = YES;
				ENABLE_TESTABILITY = YES;
				ENABLE_USER_SCRIPT_SANDBOXING = YES;
				GCC_C_LANGUAGE_STANDARD = gnu17;
				GCC_DYNAMIC_NO_PIC = NO;
				GCC_NO_COMMON_BLOCKS = YES;
				GCC_OPTIMIZATION_LEVEL = 0;
				GCC_PREPROCESSOR_DEFINITIONS = (
					"DEBUG=1",
					"$(inherited)",
				);
				GCC_WARN_64_TO_32_BIT_CONVERSION = YES;
				GCC_WARN_ABOUT_RETURN_TYPE = YES_ERROR;
				GCC_WARN_UNDECLARED_SELECTOR = YES;
				GCC_WARN_UNINITIALIZED_AUTOS = YES_AGGRESSIVE;
				GCC_WARN_UNUSED_FUNCTION = YES;
				GCC_WARN_UNUSED_VARIABLE = YES;
				IPHONEOS_DEPLOYMENT_TARGET = 12.0;
				LOCALIZATION_PREFERS_STRING_CATALOGS = YES;
				MTL_ENABLE_DEBUG_INFO = INCLUDE_SOURCE;
				MTL_FAST_MATH = YES;
				ONLY_ACTIVE_ARCH = YES;
				SDKROOT = iphoneos;
				SWIFT_ACTIVE_COMPILATION_CONDITIONS = "DEBUG $(inherited)";
				SWIFT_OPTIMIZATION_LEVEL = "-Onone";
			};
			name = Debug;
		};
		75C2E2382AD712F2008584C0 /* Release */ = {
			isa = XCBuildConfiguration;
			buildSettings = {
				ALWAYS_SEARCH_USER_PATHS = NO;
				ASSETCATALOG_COMPILER_GENERATE_SWIFT_ASSET_SYMBOL_EXTENSIONS = YES;
				CLANG_ANALYZER_NONNULL = YES;
				CLANG_ANALYZER_NUMBER_OBJECT_CONVERSION = YES_AGGRESSIVE;
				CLANG_CXX_LANGUAGE_STANDARD = "gnu++20";
				CLANG_ENABLE_MODULES = YES;
				CLANG_ENABLE_OBJC_ARC = YES;
				CLANG_ENABLE_OBJC_WEAK = YES;
				CLANG_WARN_BLOCK_CAPTURE_AUTORELEASING = YES;
				CLANG_WARN_BOOL_CONVERSION = YES;
				CLANG_WARN_COMMA = YES;
				CLANG_WARN_CONSTANT_CONVERSION = YES;
				CLANG_WARN_DEPRECATED_OBJC_IMPLEMENTATIONS = YES;
				CLANG_WARN_DIRECT_OBJC_ISA_USAGE = YES_ERROR;
				CLANG_WARN_DOCUMENTATION_COMMENTS = YES;
				CLANG_WARN_EMPTY_BODY = YES;
				CLANG_WARN_ENUM_CONVERSION = YES;
				CLANG_WARN_INFINITE_RECURSION = YES;
				CLANG_WARN_INT_CONVERSION = YES;
				CLANG_WARN_NON_LITERAL_NULL_CONVERSION = YES;
				CLANG_WARN_OBJC_IMPLICIT_RETAIN_SELF = YES;
				CLANG_WARN_OBJC_LITERAL_CONVERSION = YES;
				CLANG_WARN_OBJC_ROOT_CLASS = YES_ERROR;
				CLANG_WARN_QUOTED_INCLUDE_IN_FRAMEWORK_HEADER = YES;
				CLANG_WARN_RANGE_LOOP_ANALYSIS = YES;
				CLANG_WARN_STRICT_PROTOTYPES = YES;
				CLANG_WARN_SUSPICIOUS_MOVE = YES;
				CLANG_WARN_UNGUARDED_AVAILABILITY = YES_AGGRESSIVE;
				CLANG_WARN_UNREACHABLE_CODE = YES;
				CLANG_WARN__DUPLICATE_METHOD_MATCH = YES;
				COPY_PHASE_STRIP = NO;
				DEBUG_INFORMATION_FORMAT = "dwarf-with-dsym";
				ENABLE_NS_ASSERTIONS = NO;
				ENABLE_STRICT_OBJC_MSGSEND = YES;
				ENABLE_USER_SCRIPT_SANDBOXING = YES;
				GCC_C_LANGUAGE_STANDARD = gnu17;
				GCC_NO_COMMON_BLOCKS = YES;
				GCC_WARN_64_TO_32_BIT_CONVERSION = YES;
				GCC_WARN_ABOUT_RETURN_TYPE = YES_ERROR;
				GCC_WARN_UNDECLARED_SELECTOR = YES;
				GCC_WARN_UNINITIALIZED_AUTOS = YES_AGGRESSIVE;
				GCC_WARN_UNUSED_FUNCTION = YES;
				GCC_WARN_UNUSED_VARIABLE = YES;
				IPHONEOS_DEPLOYMENT_TARGET = 12.0;
				LOCALIZATION_PREFERS_STRING_CATALOGS = YES;
				MTL_ENABLE_DEBUG_INFO = NO;
				MTL_FAST_MATH = YES;
				SDKROOT = iphoneos;
				SWIFT_COMPILATION_MODE = wholemodule;
				VALIDATE_PRODUCT = YES;
			};
			name = Release;
		};
		75C2E23A2AD712F2008584C0 /* Debug */ = {
			isa = XCBuildConfiguration;
			buildSettings = {
				ASSETCATALOG_COMPILER_APPICON_NAME = AppIcon;
				ASSETCATALOG_COMPILER_GLOBAL_ACCENT_COLOR_NAME = AccentColor;
				CODE_SIGN_STYLE = Automatic;
				CURRENT_PROJECT_VERSION = 1;
				DEVELOPMENT_TEAM = 4TBJ63739J;
				GENERATE_INFOPLIST_FILE = YES;
				INFOPLIST_FILE = ExampleApp/Info.plist;
				INFOPLIST_KEY_UIApplicationSupportsIndirectInputEvents = YES;
				INFOPLIST_KEY_UILaunchStoryboardName = LaunchScreen;
				INFOPLIST_KEY_UIMainStoryboardFile = Main;
				INFOPLIST_KEY_UIRequiredDeviceCapabilities = armv7;
				INFOPLIST_KEY_UISupportedInterfaceOrientations = "UIInterfaceOrientationPortrait UIInterfaceOrientationLandscapeLeft UIInterfaceOrientationLandscapeRight UIInterfaceOrientationPortraitUpsideDown";
				INFOPLIST_KEY_UISupportedInterfaceOrientations_iPad = "UIInterfaceOrientationPortrait UIInterfaceOrientationPortraitUpsideDown UIInterfaceOrientationLandscapeLeft UIInterfaceOrientationLandscapeRight";
				INFOPLIST_KEY_UISupportedInterfaceOrientations_iPhone = "UIInterfaceOrientationPortrait UIInterfaceOrientationLandscapeLeft UIInterfaceOrientationLandscapeRight";
				IPHONEOS_DEPLOYMENT_TARGET = 12.0;
				LD_RUNPATH_SEARCH_PATHS = (
					"$(inherited)",
					"@executable_path/Frameworks",
				);
				MARKETING_VERSION = 1.0;
				PRODUCT_BUNDLE_IDENTIFIER = co.omise.OmiseSDK.ExampleApp;
				PRODUCT_NAME = "$(TARGET_NAME)";
				SWIFT_EMIT_LOC_STRINGS = YES;
				SWIFT_VERSION = 5.0;
				TARGETED_DEVICE_FAMILY = "1,2";
			};
			name = Debug;
		};
		75C2E23B2AD712F2008584C0 /* Release */ = {
			isa = XCBuildConfiguration;
			buildSettings = {
				ASSETCATALOG_COMPILER_APPICON_NAME = AppIcon;
				ASSETCATALOG_COMPILER_GLOBAL_ACCENT_COLOR_NAME = AccentColor;
				CODE_SIGN_STYLE = Automatic;
				CURRENT_PROJECT_VERSION = 1;
				DEVELOPMENT_TEAM = 4TBJ63739J;
				GENERATE_INFOPLIST_FILE = YES;
				INFOPLIST_FILE = ExampleApp/Info.plist;
				INFOPLIST_KEY_UIApplicationSupportsIndirectInputEvents = YES;
				INFOPLIST_KEY_UILaunchStoryboardName = LaunchScreen;
				INFOPLIST_KEY_UIMainStoryboardFile = Main;
				INFOPLIST_KEY_UIRequiredDeviceCapabilities = armv7;
				INFOPLIST_KEY_UISupportedInterfaceOrientations = "UIInterfaceOrientationPortrait UIInterfaceOrientationLandscapeLeft UIInterfaceOrientationLandscapeRight UIInterfaceOrientationPortraitUpsideDown";
				INFOPLIST_KEY_UISupportedInterfaceOrientations_iPad = "UIInterfaceOrientationPortrait UIInterfaceOrientationPortraitUpsideDown UIInterfaceOrientationLandscapeLeft UIInterfaceOrientationLandscapeRight";
				INFOPLIST_KEY_UISupportedInterfaceOrientations_iPhone = "UIInterfaceOrientationPortrait UIInterfaceOrientationLandscapeLeft UIInterfaceOrientationLandscapeRight";
				IPHONEOS_DEPLOYMENT_TARGET = 12.0;
				LD_RUNPATH_SEARCH_PATHS = (
					"$(inherited)",
					"@executable_path/Frameworks",
				);
				MARKETING_VERSION = 1.0;
				PRODUCT_BUNDLE_IDENTIFIER = co.omise.OmiseSDK.ExampleApp;
				PRODUCT_NAME = "$(TARGET_NAME)";
				SWIFT_EMIT_LOC_STRINGS = YES;
				SWIFT_VERSION = 5.0;
				TARGETED_DEVICE_FAMILY = "1,2";
			};
			name = Release;
		};
/* End XCBuildConfiguration section */

/* Begin XCConfigurationList section */
		75C2E2202AD712F1008584C0 /* Build configuration list for PBXProject "ExampleApp" */ = {
			isa = XCConfigurationList;
			buildConfigurations = (
				75C2E2372AD712F2008584C0 /* Debug */,
				75C2E2382AD712F2008584C0 /* Release */,
			);
			defaultConfigurationIsVisible = 0;
			defaultConfigurationName = Release;
		};
		75C2E2392AD712F2008584C0 /* Build configuration list for PBXNativeTarget "ExampleApp" */ = {
			isa = XCConfigurationList;
			buildConfigurations = (
				75C2E23A2AD712F2008584C0 /* Debug */,
				75C2E23B2AD712F2008584C0 /* Release */,
			);
			defaultConfigurationIsVisible = 0;
			defaultConfigurationName = Release;
		};
/* End XCConfigurationList section */

/* Begin XCRemoteSwiftPackageReference section */
		7558BBDE2AE24CD80035CD99 /* XCRemoteSwiftPackageReference "omise-ios" */ = {
			isa = XCRemoteSwiftPackageReference;
			repositoryURL = "https://github.com/omise/omise-ios.git";
			requirement = {
				branch = "feature/MIT-1520";
				kind = branch;
			};
		};
/* End XCRemoteSwiftPackageReference section */

/* Begin XCSwiftPackageProductDependency section */
		7558BBDF2AE24CD80035CD99 /* OmiseSDK */ = {
			isa = XCSwiftPackageProductDependency;
			package = 7558BBDE2AE24CD80035CD99 /* XCRemoteSwiftPackageReference "omise-ios" */;
			productName = OmiseSDK;
		};
/* End XCSwiftPackageProductDependency section */
	};
	rootObject = 75C2E21D2AD712F1008584C0 /* Project object */;
}
