{
  "pins" : [
    {
      "identity" : "omise-ios",
      "kind" : "remoteSourceControl",
      "location" : "https://github.com/omise/omise-ios.git",
      "state" : {
        "branch" : "master",
        "revision" : "5a6a56e80a83da396d3c03db7711901419fc8b0d"
      }
    }
  ],
  "version" : 2
}
