{
  "pins" : [
    {
      "identity" : "omise-ios",
      "kind" : "remoteSourceControl",
      "location" : "https://github.com/omise/omise-ios.git",
      "state" : {
        "branch" : "feature/v5_refactoring",
        "revision" : "987171818f6b6669e9859c1fba306be20704e05c"
      }
    }
  ],
  "version" : 2
}
